// !$*UTF8*$!
{
	archiveVersion = 1;
	classes = {
	};
	objectVersion = 46;
	objects = {

/* Begin PBXBuildFile section */
		47A3A2B21B7BB3F30098649E /* AppDelegate.swift in Sources */ = {isa = PBXBuildFile; fileRef = 47A3A2B11B7BB3F30098649E /* AppDelegate.swift */; };
		47A3A2B41B7BB3F30098649E /* ViewController.swift in Sources */ = {isa = PBXBuildFile; fileRef = 47A3A2B31B7BB3F30098649E /* ViewController.swift */; };
		47A3A2B71B7BB3F30098649E /* Main.storyboard in Resources */ = {isa = PBXBuildFile; fileRef = 47A3A2B51B7BB3F30098649E /* Main.storyboard */; };
		47A3A2B91B7BB3F30098649E /* Images.xcassets in Resources */ = {isa = PBXBuildFile; fileRef = 47A3A2B81B7BB3F30098649E /* Images.xcassets */; };
		47A3A2BC1B7BB3F30098649E /* LaunchScreen.xib in Resources */ = {isa = PBXBuildFile; fileRef = 47A3A2BA1B7BB3F30098649E /* LaunchScreen.xib */; };
		47A3A2C81B7BB3F30098649E /* Project21Tests.swift in Sources */ = {isa = PBXBuildFile; fileRef = 47A3A2C71B7BB3F30098649E /* Project21Tests.swift */; };
/* End PBXBuildFile section */

/* Begin PBXContainerItemProxy section */
		47A3A2C21B7BB3F30098649E /* PBXContainerItemProxy */ = {
			isa = PBXContainerItemProxy;
			containerPortal = 47A3A2A41B7BB3F30098649E /* Project object */;
			proxyType = 1;
			remoteGlobalIDString = 47A3A2AB1B7BB3F30098649E;
			remoteInfo = Project21;
		};
/* End PBXContainerItemProxy section */

/* Begin PBXFileReference section */
		47A3A2AC1B7BB3F30098649E /* Project21.app */ = {isa = PBXFileReference; explicitFileType = wrapper.application; includeInIndex = 0; path = Project21.app; sourceTree = BUILT_PRODUCTS_DIR; };
		47A3A2B01B7BB3F30098649E /* Info.plist */ = {isa = PBXFileReference; lastKnownFileType = text.plist.xml; path = Info.plist; sourceTree = "<group>"; };
		47A3A2B11B7BB3F30098649E /* AppDelegate.swift */ = {isa = PBXFileReference; lastKnownFileType = sourcecode.swift; path = AppDelegate.swift; sourceTree = "<group>"; };
		47A3A2B31B7BB3F30098649E /* ViewController.swift */ = {isa = PBXFileReference; lastKnownFileType = sourcecode.swift; path = ViewController.swift; sourceTree = "<group>"; };
		47A3A2B61B7BB3F30098649E /* Base */ = {isa = PBXFileReference; lastKnownFileType = file.storyboard; name = Base; path = Base.lproj/Main.storyboard; sourceTree = "<group>"; };
		47A3A2B81B7BB3F30098649E /* Images.xcassets */ = {isa = PBXFileReference; lastKnownFileType = folder.assetcatalog; path = Images.xcassets; sourceTree = "<group>"; };
		47A3A2BB1B7BB3F30098649E /* Base */ = {isa = PBXFileReference; lastKnownFileType = file.xib; name = Base; path = Base.lproj/LaunchScreen.xib; sourceTree = "<group>"; };
		47A3A2C11B7BB3F30098649E /* Project21Tests.xctest */ = {isa = PBXFileReference; explicitFileType = wrapper.cfbundle; includeInIndex = 0; path = Project21Tests.xctest; sourceTree = BUILT_PRODUCTS_DIR; };
		47A3A2C61B7BB3F30098649E /* Info.plist */ = {isa = PBXFileReference; lastKnownFileType = text.plist.xml; path = Info.plist; sourceTree = "<group>"; };
		47A3A2C71B7BB3F30098649E /* Project21Tests.swift */ = {isa = PBXFileReference; lastKnownFileType = sourcecode.swift; path = Project21Tests.swift; sourceTree = "<group>"; };
/* End PBXFileReference section */

/* Begin PBXFrameworksBuildPhase section */
		47A3A2A91B7BB3F30098649E /* Frameworks */ = {
			isa = PBXFrameworksBuildPhase;
			buildActionMask = 2147483647;
			files = (
			);
			runOnlyForDeploymentPostprocessing = 0;
		};
		47A3A2BE1B7BB3F30098649E /* Frameworks */ = {
			isa = PBXFrameworksBuildPhase;
			buildActionMask = 2147483647;
			files = (
			);
			runOnlyForDeploymentPostprocessing = 0;
		};
/* End PBXFrameworksBuildPhase section */

/* Begin PBXGroup section */
		47A3A2A31B7BB3F30098649E = {
			isa = PBXGroup;
			children = (
				47A3A2AE1B7BB3F30098649E /* Project21 */,
				47A3A2C41B7BB3F30098649E /* Project21Tests */,
				47A3A2AD1B7BB3F30098649E /* Products */,
			);
			sourceTree = "<group>";
		};
		47A3A2AD1B7BB3F30098649E /* Products */ = {
			isa = PBXGroup;
			children = (
				47A3A2AC1B7BB3F30098649E /* Project21.app */,
				47A3A2C11B7BB3F30098649E /* Project21Tests.xctest */,
			);
			name = Products;
			sourceTree = "<group>";
		};
		47A3A2AE1B7BB3F30098649E /* Project21 */ = {
			isa = PBXGroup;
			children = (
				47A3A2B11B7BB3F30098649E /* AppDelegate.swift */,
				47A3A2B31B7BB3F30098649E /* ViewController.swift */,
				47A3A2B51B7BB3F30098649E /* Main.storyboard */,
				47A3A2B81B7BB3F30098649E /* Images.xcassets */,
				47A3A2BA1B7BB3F30098649E /* LaunchScreen.xib */,
				47A3A2AF1B7BB3F30098649E /* Supporting Files */,
			);
			path = Project21;
			sourceTree = "<group>";
		};
		47A3A2AF1B7BB3F30098649E /* Supporting Files */ = {
			isa = PBXGroup;
			children = (
				47A3A2B01B7BB3F30098649E /* Info.plist */,
			);
			name = "Supporting Files";
			sourceTree = "<group>";
		};
		47A3A2C41B7BB3F30098649E /* Project21Tests */ = {
			isa = PBXGroup;
			children = (
				47A3A2C71B7BB3F30098649E /* Project21Tests.swift */,
				47A3A2C51B7BB3F30098649E /* Supporting Files */,
			);
			path = Project21Tests;
			sourceTree = "<group>";
		};
		47A3A2C51B7BB3F30098649E /* Supporting Files */ = {
			isa = PBXGroup;
			children = (
				47A3A2C61B7BB3F30098649E /* Info.plist */,
			);
			name = "Supporting Files";
			sourceTree = "<group>";
		};
/* End PBXGroup section */

/* Begin PBXNativeTarget section */
		47A3A2AB1B7BB3F30098649E /* Project21 */ = {
			isa = PBXNativeTarget;
			buildConfigurationList = 47A3A2CB1B7BB3F30098649E /* Build configuration list for PBXNativeTarget "Project21" */;
			buildPhases = (
				47A3A2A81B7BB3F30098649E /* Sources */,
				47A3A2A91B7BB3F30098649E /* Frameworks */,
				47A3A2AA1B7BB3F30098649E /* Resources */,
			);
			buildRules = (
			);
			dependencies = (
			);
			name = Project21;
			productName = Project21;
			productReference = 47A3A2AC1B7BB3F30098649E /* Project21.app */;
			productType = "com.apple.product-type.application";
		};
		47A3A2C01B7BB3F30098649E /* Project21Tests */ = {
			isa = PBXNativeTarget;
			buildConfigurationList = 47A3A2CE1B7BB3F30098649E /* Build configuration list for PBXNativeTarget "Project21Tests" */;
			buildPhases = (
				47A3A2BD1B7BB3F30098649E /* Sources */,
				47A3A2BE1B7BB3F30098649E /* Frameworks */,
				47A3A2BF1B7BB3F30098649E /* Resources */,
			);
			buildRules = (
			);
			dependencies = (
				47A3A2C31B7BB3F30098649E /* PBXTargetDependency */,
			);
			name = Project21Tests;
			productName = Project21Tests;
			productReference = 47A3A2C11B7BB3F30098649E /* Project21Tests.xctest */;
			productType = "com.apple.product-type.bundle.unit-test";
		};
/* End PBXNativeTarget section */

/* Begin PBXProject section */
		47A3A2A41B7BB3F30098649E /* Project object */ = {
			isa = PBXProject;
			attributes = {
				LastUpgradeCheck = 0640;
				ORGANIZATIONNAME = "Xavi Moll";
				TargetAttributes = {
					47A3A2AB1B7BB3F30098649E = {
						CreatedOnToolsVersion = 6.4;
					};
					47A3A2C01B7BB3F30098649E = {
						CreatedOnToolsVersion = 6.4;
						TestTargetID = 47A3A2AB1B7BB3F30098649E;
					};
				};
			};
			buildConfigurationList = 47A3A2A71B7BB3F30098649E /* Build configuration list for PBXProject "Project21" */;
			compatibilityVersion = "Xcode 3.2";
			developmentRegion = English;
			hasScannedForEncodings = 0;
			knownRegions = (
				en,
				Base,
			);
			mainGroup = 47A3A2A31B7BB3F30098649E;
			productRefGroup = 47A3A2AD1B7BB3F30098649E /* Products */;
			projectDirPath = "";
			projectRoot = "";
			targets = (
				47A3A2AB1B7BB3F30098649E /* Project21 */,
				47A3A2C01B7BB3F30098649E /* Project21Tests */,
			);
		};
/* End PBXProject section */

/* Begin PBXResourcesBuildPhase section */
		47A3A2AA1B7BB3F30098649E /* Resources */ = {
			isa = PBXResourcesBuildPhase;
			buildActionMask = 2147483647;
			files = (
				47A3A2B71B7BB3F30098649E /* Main.storyboard in Resources */,
				47A3A2BC1B7BB3F30098649E /* LaunchScreen.xib in Resources */,
				47A3A2B91B7BB3F30098649E /* Images.xcassets in Resources */,
			);
			runOnlyForDeploymentPostprocessing = 0;
		};
		47A3A2BF1B7BB3F30098649E /* Resources */ = {
			isa = PBXResourcesBuildPhase;
			buildActionMask = 2147483647;
			files = (
			);
			runOnlyForDeploymentPostprocessing = 0;
		};
/* End PBXResourcesBuildPhase section */

/* Begin PBXSourcesBuildPhase section */
		47A3A2A81B7BB3F30098649E /* Sources */ = {
			isa = PBXSourcesBuildPhase;
			buildActionMask = 2147483647;
			files = (
				47A3A2B41B7BB3F30098649E /* ViewController.swift in Sources */,
				47A3A2B21B7BB3F30098649E /* AppDelegate.swift in Sources */,
			);
			runOnlyForDeploymentPostprocessing = 0;
		};
		47A3A2BD1B7BB3F30098649E /* Sources */ = {
			isa = PBXSourcesBuildPhase;
			buildActionMask = 2147483647;
			files = (
				47A3A2C81B7BB3F30098649E /* Project21Tests.swift in Sources */,
			);
			runOnlyForDeploymentPostprocessing = 0;
		};
/* End PBXSourcesBuildPhase section */

/* Begin PBXTargetDependency section */
		47A3A2C31B7BB3F30098649E /* PBXTargetDependency */ = {
			isa = PBXTargetDependency;
			target = 47A3A2AB1B7BB3F30098649E /* Project21 */;
			targetProxy = 47A3A2C21B7BB3F30098649E /* PBXContainerItemProxy */;
		};
/* End PBXTargetDependency section */

/* Begin PBXVariantGroup section */
		47A3A2B51B7BB3F30098649E /* Main.storyboard */ = {
			isa = PBXVariantGroup;
			children = (
				47A3A2B61B7BB3F30098649E /* Base */,
			);
			name = Main.storyboard;
			sourceTree = "<group>";
		};
		47A3A2BA1B7BB3F30098649E /* LaunchScreen.xib */ = {
			isa = PBXVariantGroup;
			children = (
				47A3A2BB1B7BB3F30098649E /* Base */,
			);
			name = LaunchScreen.xib;
			sourceTree = "<group>";
		};
/* End PBXVariantGroup section */

/* Begin XCBuildConfiguration section */
		47A3A2C91B7BB3F30098649E /* Debug */ = {
			isa = XCBuildConfiguration;
			buildSettings = {
				ALWAYS_SEARCH_USER_PATHS = NO;
				CLANG_CXX_LANGUAGE_STANDARD = "gnu++0x";
				CLANG_CXX_LIBRARY = "libc++";
				CLANG_ENABLE_MODULES = YES;
				CLANG_ENABLE_OBJC_ARC = YES;
				CLANG_WARN_BOOL_CONVERSION = YES;
				CLANG_WARN_CONSTANT_CONVERSION = YES;
				CLANG_WARN_DIRECT_OBJC_ISA_USAGE = YES_ERROR;
				CLANG_WARN_EMPTY_BODY = YES;
				CLANG_WARN_ENUM_CONVERSION = YES;
				CLANG_WARN_INT_CONVERSION = YES;
				CLANG_WARN_OBJC_ROOT_CLASS = YES_ERROR;
				CLANG_WARN_UNREACHABLE_CODE = YES;
				CLANG_WARN__DUPLICATE_METHOD_MATCH = YES;
				"CODE_SIGN_IDENTITY[sdk=iphoneos*]" = "iPhone Developer";
				COPY_PHASE_STRIP = NO;
				DEBUG_INFORMATION_FORMAT = "dwarf-with-dsym";
				ENABLE_STRICT_OBJC_MSGSEND = YES;
				GCC_C_LANGUAGE_STANDARD = gnu99;
				GCC_DYNAMIC_NO_PIC = NO;
				GCC_NO_COMMON_BLOCKS = YES;
				GCC_OPTIMIZATION_LEVEL = 0;
				GCC_PREPROCESSOR_DEFINITIONS = (
					"DEBUG=1",
					"$(inherited)",
				);
				GCC_SYMBOLS_PRIVATE_EXTERN = NO;
				GCC_WARN_64_TO_32_BIT_CONVERSION = YES;
				GCC_WARN_ABOUT_RETURN_TYPE = YES_ERROR;
				GCC_WARN_UNDECLARED_SELECTOR = YES;
				GCC_WARN_UNINITIALIZED_AUTOS = YES_AGGRESSIVE;
				GCC_WARN_UNUSED_FUNCTION = YES;
				GCC_WARN_UNUSED_VARIABLE = YES;
				IPHONEOS_DEPLOYMENT_TARGET = 8.4;
				MTL_ENABLE_DEBUG_INFO = YES;
				ONLY_ACTIVE_ARCH = YES;
				SDKROOT = iphoneos;
				SWIFT_OPTIMIZATION_LEVEL = "-Onone";
			};
			name = Debug;
		};
		47A3A2CA1B7BB3F30098649E /* Release */ = {
			isa = XCBuildConfiguration;
			buildSettings = {
				ALWAYS_SEARCH_USER_PATHS = NO;
				CLANG_CXX_LANGUAGE_STANDARD = "gnu++0x";
				CLANG_CXX_LIBRARY = "libc++";
				CLANG_ENABLE_MODULES = YES;
				CLANG_ENABLE_OBJC_ARC = YES;
				CLANG_WARN_BOOL_CONVERSION = YES;
				CLANG_WARN_CONSTANT_CONVERSION = YES;
				CLANG_WARN_DIRECT_OBJC_ISA_USAGE = YES_ERROR;
				CLANG_WARN_EMPTY_BODY = YES;
				CLANG_WARN_ENUM_CONVERSION = YES;
				CLANG_WARN_INT_CONVERSION = YES;
				CLANG_WARN_OBJC_ROOT_CLASS = YES_ERROR;
				CLANG_WARN_UNREACHABLE_CODE = YES;
				CLANG_WARN__DUPLICATE_METHOD_MATCH = YES;
				"CODE_SIGN_IDENTITY[sdk=iphoneos*]" = "iPhone Developer";
				COPY_PHASE_STRIP = NO;
				DEBUG_INFORMATION_FORMAT = "dwarf-with-dsym";
				ENABLE_NS_ASSERTIONS = NO;
				ENABLE_STRICT_OBJC_MSGSEND = YES;
				GCC_C_LANGUAGE_STANDARD = gnu99;
				GCC_NO_COMMON_BLOCKS = YES;
				GCC_WARN_64_TO_32_BIT_CONVERSION = YES;
				GCC_WARN_ABOUT_RETURN_TYPE = YES_ERROR;
				GCC_WARN_UNDECLARED_SELECTOR = YES;
				GCC_WARN_UNINITIALIZED_AUTOS = YES_AGGRESSIVE;
				GCC_WARN_UNUSED_FUNCTION = YES;
				GCC_WARN_UNUSED_VARIABLE = YES;
				IPHONEOS_DEPLOYMENT_TARGET = 8.4;
				MTL_ENABLE_DEBUG_INFO = NO;
				SDKROOT = iphoneos;
				VALIDATE_PRODUCT = YES;
			};
			name = Release;
		};
		47A3A2CC1B7BB3F30098649E /* Debug */ = {
			isa = XCBuildConfiguration;
			buildSettings = {
				ASSETCATALOG_COMPILER_APPICON_NAME = AppIcon;
				INFOPLIST_FILE = Project21/Info.plist;
				LD_RUNPATH_SEARCH_PATHS = "$(inherited) @executable_path/Frameworks";
				PRODUCT_NAME = "$(TARGET_NAME)";
			};
			name = Debug;
		};
		47A3A2CD1B7BB3F30098649E /* Release */ = {
			isa = XCBuildConfiguration;
			buildSettings = {
				ASSETCATALOG_COMPILER_APPICON_NAME = AppIcon;
				INFOPLIST_FILE = Project21/Info.plist;
				LD_RUNPATH_SEARCH_PATHS = "$(inherited) @executable_path/Frameworks";
				PRODUCT_NAME = "$(TARGET_NAME)";
			};
			name = Release;
		};
		47A3A2CF1B7BB3F30098649E /* Debug */ = {
			isa = XCBuildConfiguration;
			buildSettings = {
				BUNDLE_LOADER = "$(TEST_HOST)";
				FRAMEWORK_SEARCH_PATHS = (
					"$(SDKROOT)/Developer/Library/Frameworks",
					"$(inherited)",
				);
				GCC_PREPROCESSOR_DEFINITIONS = (
					"DEBUG=1",
					"$(inherited)",
				);
				INFOPLIST_FILE = Project21Tests/Info.plist;
				LD_RUNPATH_SEARCH_PATHS = "$(inherited) @executable_path/Frameworks @loader_path/Frameworks";
				PRODUCT_NAME = "$(TARGET_NAME)";
				TEST_HOST = "$(BUILT_PRODUCTS_DIR)/Project21.app/Project21";
			};
			name = Debug;
		};
		47A3A2D01B7BB3F30098649E /* Release */ = {
			isa = XCBuildConfiguration;
			buildSettings = {
				BUNDLE_LOADER = "$(TEST_HOST)";
				FRAMEWORK_SEARCH_PATHS = (
					"$(SDKROOT)/Developer/Library/Frameworks",
					"$(inherited)",
				);
				INFOPLIST_FILE = Project21Tests/Info.plist;
				LD_RUNPATH_SEARCH_PATHS = "$(inherited) @executable_path/Frameworks @loader_path/Frameworks";
				PRODUCT_NAME = "$(TARGET_NAME)";
				TEST_HOST = "$(BUILT_PRODUCTS_DIR)/Project21.app/Project21";
			};
			name = Release;
		};
/* End XCBuildConfiguration section */

/* Begin XCConfigurationList section */
		47A3A2A71B7BB3F30098649E /* Build configuration list for PBXProject "Project21" */ = {
			isa = XCConfigurationList;
			buildConfigurations = (
				47A3A2C91B7BB3F30098649E /* Debug */,
				47A3A2CA1B7BB3F30098649E /* Release */,
			);
			defaultConfigurationIsVisible = 0;
			defaultConfigurationName = Release;
		};
		47A3A2CB1B7BB3F30098649E /* Build configuration list for PBXNativeTarget "Project21" */ = {
			isa = XCConfigurationList;
			buildConfigurations = (
				47A3A2CC1B7BB3F30098649E /* Debug */,
				47A3A2CD1B7BB3F30098649E /* Release */,
			);
			defaultConfigurationIsVisible = 0;
		};
		47A3A2CE1B7BB3F30098649E /* Build configuration list for PBXNativeTarget "Project21Tests" */ = {
			isa = XCConfigurationList;
			buildConfigurations = (
				47A3A2CF1B7BB3F30098649E /* Debug */,
				47A3A2D01B7BB3F30098649E /* Release */,
			);
			defaultConfigurationIsVisible = 0;
		};
/* End XCConfigurationList section */
	};
	rootObject = 47A3A2A41B7BB3F30098649E /* Project object */;
}
