// !$*UTF8*$!
{
	archiveVersion = 1;
	classes = {
	};
	objectVersion = 46;
	objects = {

/* Begin PBXBuildFile section */
		474472381B7A65BE003231A0 /* AppDelegate.swift in Sources */ = {isa = PBXBuildFile; fileRef = 474472371B7A65BE003231A0 /* AppDelegate.swift */; };
		4744723A1B7A65BE003231A0 /* ViewController.swift in Sources */ = {isa = PBXBuildFile; fileRef = 474472391B7A65BE003231A0 /* ViewController.swift */; };
		4744723D1B7A65BE003231A0 /* Main.storyboard in Resources */ = {isa = PBXBuildFile; fileRef = 4744723B1B7A65BE003231A0 /* Main.storyboard */; };
		4744723F1B7A65BE003231A0 /* Images.xcassets in Resources */ = {isa = PBXBuildFile; fileRef = 4744723E1B7A65BE003231A0 /* Images.xcassets */; };
		474472421B7A65BE003231A0 /* LaunchScreen.xib in Resources */ = {isa = PBXBuildFile; fileRef = 474472401B7A65BE003231A0 /* LaunchScreen.xib */; };
		4744724E1B7A65BE003231A0 /* Project18bTests.swift in Sources */ = {isa = PBXBuildFile; fileRef = 4744724D1B7A65BE003231A0 /* Project18bTests.swift */; };
/* End PBXBuildFile section */

/* Begin PBXContainerItemProxy section */
		474472481B7A65BE003231A0 /* PBXContainerItemProxy */ = {
			isa = PBXContainerItemProxy;
			containerPortal = 4744722A1B7A65BE003231A0 /* Project object */;
			proxyType = 1;
			remoteGlobalIDString = 474472311B7A65BE003231A0;
			remoteInfo = Project18b;
		};
/* End PBXContainerItemProxy section */

/* Begin PBXFileReference section */
		474472321B7A65BE003231A0 /* Project18b.app */ = {isa = PBXFileReference; explicitFileType = wrapper.application; includeInIndex = 0; path = Project18b.app; sourceTree = BUILT_PRODUCTS_DIR; };
		474472361B7A65BE003231A0 /* Info.plist */ = {isa = PBXFileReference; lastKnownFileType = text.plist.xml; path = Info.plist; sourceTree = "<group>"; };
		474472371B7A65BE003231A0 /* AppDelegate.swift */ = {isa = PBXFileReference; lastKnownFileType = sourcecode.swift; path = AppDelegate.swift; sourceTree = "<group>"; };
		474472391B7A65BE003231A0 /* ViewController.swift */ = {isa = PBXFileReference; lastKnownFileType = sourcecode.swift; path = ViewController.swift; sourceTree = "<group>"; };
		4744723C1B7A65BE003231A0 /* Base */ = {isa = PBXFileReference; lastKnownFileType = file.storyboard; name = Base; path = Base.lproj/Main.storyboard; sourceTree = "<group>"; };
		4744723E1B7A65BE003231A0 /* Images.xcassets */ = {isa = PBXFileReference; lastKnownFileType = folder.assetcatalog; path = Images.xcassets; sourceTree = "<group>"; };
		474472411B7A65BE003231A0 /* Base */ = {isa = PBXFileReference; lastKnownFileType = file.xib; name = Base; path = Base.lproj/LaunchScreen.xib; sourceTree = "<group>"; };
		474472471B7A65BE003231A0 /* Project18bTests.xctest */ = {isa = PBXFileReference; explicitFileType = wrapper.cfbundle; includeInIndex = 0; path = Project18bTests.xctest; sourceTree = BUILT_PRODUCTS_DIR; };
		4744724C1B7A65BE003231A0 /* Info.plist */ = {isa = PBXFileReference; lastKnownFileType = text.plist.xml; path = Info.plist; sourceTree = "<group>"; };
		4744724D1B7A65BE003231A0 /* Project18bTests.swift */ = {isa = PBXFileReference; lastKnownFileType = sourcecode.swift; path = Project18bTests.swift; sourceTree = "<group>"; };
/* End PBXFileReference section */

/* Begin PBXFrameworksBuildPhase section */
		4744722F1B7A65BE003231A0 /* Frameworks */ = {
			isa = PBXFrameworksBuildPhase;
			buildActionMask = 2147483647;
			files = (
			);
			runOnlyForDeploymentPostprocessing = 0;
		};
		474472441B7A65BE003231A0 /* Frameworks */ = {
			isa = PBXFrameworksBuildPhase;
			buildActionMask = 2147483647;
			files = (
			);
			runOnlyForDeploymentPostprocessing = 0;
		};
/* End PBXFrameworksBuildPhase section */

/* Begin PBXGroup section */
		474472291B7A65BE003231A0 = {
			isa = PBXGroup;
			children = (
				474472341B7A65BE003231A0 /* Project18b */,
				4744724A1B7A65BE003231A0 /* Project18bTests */,
				474472331B7A65BE003231A0 /* Products */,
			);
			sourceTree = "<group>";
		};
		474472331B7A65BE003231A0 /* Products */ = {
			isa = PBXGroup;
			children = (
				474472321B7A65BE003231A0 /* Project18b.app */,
				474472471B7A65BE003231A0 /* Project18bTests.xctest */,
			);
			name = Products;
			sourceTree = "<group>";
		};
		474472341B7A65BE003231A0 /* Project18b */ = {
			isa = PBXGroup;
			children = (
				474472371B7A65BE003231A0 /* AppDelegate.swift */,
				474472391B7A65BE003231A0 /* ViewController.swift */,
				4744723B1B7A65BE003231A0 /* Main.storyboard */,
				4744723E1B7A65BE003231A0 /* Images.xcassets */,
				474472401B7A65BE003231A0 /* LaunchScreen.xib */,
				474472351B7A65BE003231A0 /* Supporting Files */,
			);
			path = Project18b;
			sourceTree = "<group>";
		};
		474472351B7A65BE003231A0 /* Supporting Files */ = {
			isa = PBXGroup;
			children = (
				474472361B7A65BE003231A0 /* Info.plist */,
			);
			name = "Supporting Files";
			sourceTree = "<group>";
		};
		4744724A1B7A65BE003231A0 /* Project18bTests */ = {
			isa = PBXGroup;
			children = (
				4744724D1B7A65BE003231A0 /* Project18bTests.swift */,
				4744724B1B7A65BE003231A0 /* Supporting Files */,
			);
			path = Project18bTests;
			sourceTree = "<group>";
		};
		4744724B1B7A65BE003231A0 /* Supporting Files */ = {
			isa = PBXGroup;
			children = (
				4744724C1B7A65BE003231A0 /* Info.plist */,
			);
			name = "Supporting Files";
			sourceTree = "<group>";
		};
/* End PBXGroup section */

/* Begin PBXNativeTarget section */
		474472311B7A65BE003231A0 /* Project18b */ = {
			isa = PBXNativeTarget;
			buildConfigurationList = 474472511B7A65BE003231A0 /* Build configuration list for PBXNativeTarget "Project18b" */;
			buildPhases = (
				4744722E1B7A65BE003231A0 /* Sources */,
				4744722F1B7A65BE003231A0 /* Frameworks */,
				474472301B7A65BE003231A0 /* Resources */,
			);
			buildRules = (
			);
			dependencies = (
			);
			name = Project18b;
			productName = Project18b;
			productReference = 474472321B7A65BE003231A0 /* Project18b.app */;
			productType = "com.apple.product-type.application";
		};
		474472461B7A65BE003231A0 /* Project18bTests */ = {
			isa = PBXNativeTarget;
			buildConfigurationList = 474472541B7A65BE003231A0 /* Build configuration list for PBXNativeTarget "Project18bTests" */;
			buildPhases = (
				474472431B7A65BE003231A0 /* Sources */,
				474472441B7A65BE003231A0 /* Frameworks */,
				474472451B7A65BE003231A0 /* Resources */,
			);
			buildRules = (
			);
			dependencies = (
				474472491B7A65BE003231A0 /* PBXTargetDependency */,
			);
			name = Project18bTests;
			productName = Project18bTests;
			productReference = 474472471B7A65BE003231A0 /* Project18bTests.xctest */;
			productType = "com.apple.product-type.bundle.unit-test";
		};
/* End PBXNativeTarget section */

/* Begin PBXProject section */
		4744722A1B7A65BE003231A0 /* Project object */ = {
			isa = PBXProject;
			attributes = {
				LastUpgradeCheck = 0640;
				ORGANIZATIONNAME = "Xavi Moll";
				TargetAttributes = {
					474472311B7A65BE003231A0 = {
						CreatedOnToolsVersion = 6.4;
					};
					474472461B7A65BE003231A0 = {
						CreatedOnToolsVersion = 6.4;
						TestTargetID = 474472311B7A65BE003231A0;
					};
				};
			};
			buildConfigurationList = 4744722D1B7A65BE003231A0 /* Build configuration list for PBXProject "Project18b" */;
			compatibilityVersion = "Xcode 3.2";
			developmentRegion = English;
			hasScannedForEncodings = 0;
			knownRegions = (
				en,
				Base,
			);
			mainGroup = 474472291B7A65BE003231A0;
			productRefGroup = 474472331B7A65BE003231A0 /* Products */;
			projectDirPath = "";
			projectRoot = "";
			targets = (
				474472311B7A65BE003231A0 /* Project18b */,
				474472461B7A65BE003231A0 /* Project18bTests */,
			);
		};
/* End PBXProject section */

/* Begin PBXResourcesBuildPhase section */
		474472301B7A65BE003231A0 /* Resources */ = {
			isa = PBXResourcesBuildPhase;
			buildActionMask = 2147483647;
			files = (
				4744723D1B7A65BE003231A0 /* Main.storyboard in Resources */,
				474472421B7A65BE003231A0 /* LaunchScreen.xib in Resources */,
				4744723F1B7A65BE003231A0 /* Images.xcassets in Resources */,
			);
			runOnlyForDeploymentPostprocessing = 0;
		};
		474472451B7A65BE003231A0 /* Resources */ = {
			isa = PBXResourcesBuildPhase;
			buildActionMask = 2147483647;
			files = (
			);
			runOnlyForDeploymentPostprocessing = 0;
		};
/* End PBXResourcesBuildPhase section */

/* Begin PBXSourcesBuildPhase section */
		4744722E1B7A65BE003231A0 /* Sources */ = {
			isa = PBXSourcesBuildPhase;
			buildActionMask = 2147483647;
			files = (
				4744723A1B7A65BE003231A0 /* ViewController.swift in Sources */,
				474472381B7A65BE003231A0 /* AppDelegate.swift in Sources */,
			);
			runOnlyForDeploymentPostprocessing = 0;
		};
		474472431B7A65BE003231A0 /* Sources */ = {
			isa = PBXSourcesBuildPhase;
			buildActionMask = 2147483647;
			files = (
				4744724E1B7A65BE003231A0 /* Project18bTests.swift in Sources */,
			);
			runOnlyForDeploymentPostprocessing = 0;
		};
/* End PBXSourcesBuildPhase section */

/* Begin PBXTargetDependency section */
		474472491B7A65BE003231A0 /* PBXTargetDependency */ = {
			isa = PBXTargetDependency;
			target = 474472311B7A65BE003231A0 /* Project18b */;
			targetProxy = 474472481B7A65BE003231A0 /* PBXContainerItemProxy */;
		};
/* End PBXTargetDependency section */

/* Begin PBXVariantGroup section */
		4744723B1B7A65BE003231A0 /* Main.storyboard */ = {
			isa = PBXVariantGroup;
			children = (
				4744723C1B7A65BE003231A0 /* Base */,
			);
			name = Main.storyboard;
			sourceTree = "<group>";
		};
		474472401B7A65BE003231A0 /* LaunchScreen.xib */ = {
			isa = PBXVariantGroup;
			children = (
				474472411B7A65BE003231A0 /* Base */,
			);
			name = LaunchScreen.xib;
			sourceTree = "<group>";
		};
/* End PBXVariantGroup section */

/* Begin XCBuildConfiguration section */
		4744724F1B7A65BE003231A0 /* Debug */ = {
			isa = XCBuildConfiguration;
			buildSettings = {
				ALWAYS_SEARCH_USER_PATHS = NO;
				CLANG_CXX_LANGUAGE_STANDARD = "gnu++0x";
				CLANG_CXX_LIBRARY = "libc++";
				CLANG_ENABLE_MODULES = YES;
				CLANG_ENABLE_OBJC_ARC = YES;
				CLANG_WARN_BOOL_CONVERSION = YES;
				CLANG_WARN_CONSTANT_CONVERSION = YES;
				CLANG_WARN_DIRECT_OBJC_ISA_USAGE = YES_ERROR;
				CLANG_WARN_EMPTY_BODY = YES;
				CLANG_WARN_ENUM_CONVERSION = YES;
				CLANG_WARN_INT_CONVERSION = YES;
				CLANG_WARN_OBJC_ROOT_CLASS = YES_ERROR;
				CLANG_WARN_UNREACHABLE_CODE = YES;
				CLANG_WARN__DUPLICATE_METHOD_MATCH = YES;
				"CODE_SIGN_IDENTITY[sdk=iphoneos*]" = "iPhone Developer";
				COPY_PHASE_STRIP = NO;
				DEBUG_INFORMATION_FORMAT = "dwarf-with-dsym";
				ENABLE_STRICT_OBJC_MSGSEND = YES;
				GCC_C_LANGUAGE_STANDARD = gnu99;
				GCC_DYNAMIC_NO_PIC = NO;
				GCC_NO_COMMON_BLOCKS = YES;
				GCC_OPTIMIZATION_LEVEL = 0;
				GCC_PREPROCESSOR_DEFINITIONS = (
					"DEBUG=1",
					"$(inherited)",
				);
				GCC_SYMBOLS_PRIVATE_EXTERN = NO;
				GCC_WARN_64_TO_32_BIT_CONVERSION = YES;
				GCC_WARN_ABOUT_RETURN_TYPE = YES_ERROR;
				GCC_WARN_UNDECLARED_SELECTOR = YES;
				GCC_WARN_UNINITIALIZED_AUTOS = YES_AGGRESSIVE;
				GCC_WARN_UNUSED_FUNCTION = YES;
				GCC_WARN_UNUSED_VARIABLE = YES;
				IPHONEOS_DEPLOYMENT_TARGET = 8.4;
				MTL_ENABLE_DEBUG_INFO = YES;
				ONLY_ACTIVE_ARCH = YES;
				SDKROOT = iphoneos;
				SWIFT_OPTIMIZATION_LEVEL = "-Onone";
			};
			name = Debug;
		};
		474472501B7A65BE003231A0 /* Release */ = {
			isa = XCBuildConfiguration;
			buildSettings = {
				ALWAYS_SEARCH_USER_PATHS = NO;
				CLANG_CXX_LANGUAGE_STANDARD = "gnu++0x";
				CLANG_CXX_LIBRARY = "libc++";
				CLANG_ENABLE_MODULES = YES;
				CLANG_ENABLE_OBJC_ARC = YES;
				CLANG_WARN_BOOL_CONVERSION = YES;
				CLANG_WARN_CONSTANT_CONVERSION = YES;
				CLANG_WARN_DIRECT_OBJC_ISA_USAGE = YES_ERROR;
				CLANG_WARN_EMPTY_BODY = YES;
				CLANG_WARN_ENUM_CONVERSION = YES;
				CLANG_WARN_INT_CONVERSION = YES;
				CLANG_WARN_OBJC_ROOT_CLASS = YES_ERROR;
				CLANG_WARN_UNREACHABLE_CODE = YES;
				CLANG_WARN__DUPLICATE_METHOD_MATCH = YES;
				"CODE_SIGN_IDENTITY[sdk=iphoneos*]" = "iPhone Developer";
				COPY_PHASE_STRIP = NO;
				DEBUG_INFORMATION_FORMAT = "dwarf-with-dsym";
				ENABLE_NS_ASSERTIONS = NO;
				ENABLE_STRICT_OBJC_MSGSEND = YES;
				GCC_C_LANGUAGE_STANDARD = gnu99;
				GCC_NO_COMMON_BLOCKS = YES;
				GCC_WARN_64_TO_32_BIT_CONVERSION = YES;
				GCC_WARN_ABOUT_RETURN_TYPE = YES_ERROR;
				GCC_WARN_UNDECLARED_SELECTOR = YES;
				GCC_WARN_UNINITIALIZED_AUTOS = YES_AGGRESSIVE;
				GCC_WARN_UNUSED_FUNCTION = YES;
				GCC_WARN_UNUSED_VARIABLE = YES;
				IPHONEOS_DEPLOYMENT_TARGET = 8.4;
				MTL_ENABLE_DEBUG_INFO = NO;
				SDKROOT = iphoneos;
				VALIDATE_PRODUCT = YES;
			};
			name = Release;
		};
		474472521B7A65BE003231A0 /* Debug */ = {
			isa = XCBuildConfiguration;
			buildSettings = {
				ASSETCATALOG_COMPILER_APPICON_NAME = AppIcon;
				INFOPLIST_FILE = Project18b/Info.plist;
				LD_RUNPATH_SEARCH_PATHS = "$(inherited) @executable_path/Frameworks";
				PRODUCT_NAME = "$(TARGET_NAME)";
			};
			name = Debug;
		};
		474472531B7A65BE003231A0 /* Release */ = {
			isa = XCBuildConfiguration;
			buildSettings = {
				ASSETCATALOG_COMPILER_APPICON_NAME = AppIcon;
				INFOPLIST_FILE = Project18b/Info.plist;
				LD_RUNPATH_SEARCH_PATHS = "$(inherited) @executable_path/Frameworks";
				PRODUCT_NAME = "$(TARGET_NAME)";
			};
			name = Release;
		};
		474472551B7A65BE003231A0 /* Debug */ = {
			isa = XCBuildConfiguration;
			buildSettings = {
				BUNDLE_LOADER = "$(TEST_HOST)";
				FRAMEWORK_SEARCH_PATHS = (
					"$(SDKROOT)/Developer/Library/Frameworks",
					"$(inherited)",
				);
				GCC_PREPROCESSOR_DEFINITIONS = (
					"DEBUG=1",
					"$(inherited)",
				);
				INFOPLIST_FILE = Project18bTests/Info.plist;
				LD_RUNPATH_SEARCH_PATHS = "$(inherited) @executable_path/Frameworks @loader_path/Frameworks";
				PRODUCT_NAME = "$(TARGET_NAME)";
				TEST_HOST = "$(BUILT_PRODUCTS_DIR)/Project18b.app/Project18b";
			};
			name = Debug;
		};
		474472561B7A65BE003231A0 /* Release */ = {
			isa = XCBuildConfiguration;
			buildSettings = {
				BUNDLE_LOADER = "$(TEST_HOST)";
				FRAMEWORK_SEARCH_PATHS = (
					"$(SDKROOT)/Developer/Library/Frameworks",
					"$(inherited)",
				);
				INFOPLIST_FILE = Project18bTests/Info.plist;
				LD_RUNPATH_SEARCH_PATHS = "$(inherited) @executable_path/Frameworks @loader_path/Frameworks";
				PRODUCT_NAME = "$(TARGET_NAME)";
				TEST_HOST = "$(BUILT_PRODUCTS_DIR)/Project18b.app/Project18b";
			};
			name = Release;
		};
/* End XCBuildConfiguration section */

/* Begin XCConfigurationList section */
		4744722D1B7A65BE003231A0 /* Build configuration list for PBXProject "Project18b" */ = {
			isa = XCConfigurationList;
			buildConfigurations = (
				4744724F1B7A65BE003231A0 /* Debug */,
				474472501B7A65BE003231A0 /* Release */,
			);
			defaultConfigurationIsVisible = 0;
			defaultConfigurationName = Release;
		};
		474472511B7A65BE003231A0 /* Build configuration list for PBXNativeTarget "Project18b" */ = {
			isa = XCConfigurationList;
			buildConfigurations = (
				474472521B7A65BE003231A0 /* Debug */,
				474472531B7A65BE003231A0 /* Release */,
			);
			defaultConfigurationIsVisible = 0;
		};
		474472541B7A65BE003231A0 /* Build configuration list for PBXNativeTarget "Project18bTests" */ = {
			isa = XCConfigurationList;
			buildConfigurations = (
				474472551B7A65BE003231A0 /* Debug */,
				474472561B7A65BE003231A0 /* Release */,
			);
			defaultConfigurationIsVisible = 0;
		};
/* End XCConfigurationList section */
	};
	rootObject = 4744722A1B7A65BE003231A0 /* Project object */;
}
