// !$*UTF8*$!
{
	archiveVersion = 1;
	classes = {
	};
	objectVersion = 46;
	objects = {

/* Begin PBXBuildFile section */
		47416EAA1B63F409002F6D89 /* AppDelegate.swift in Sources */ = {isa = PBXBuildFile; fileRef = 47416EA91B63F409002F6D89 /* AppDelegate.swift */; };
		47416EAC1B63F409002F6D89 /* ViewController.swift in Sources */ = {isa = PBXBuildFile; fileRef = 47416EAB1B63F409002F6D89 /* ViewController.swift */; };
		47416EAF1B63F409002F6D89 /* Main.storyboard in Resources */ = {isa = PBXBuildFile; fileRef = 47416EAD1B63F409002F6D89 /* Main.storyboard */; };
		47416EB11B63F409002F6D89 /* Images.xcassets in Resources */ = {isa = PBXBuildFile; fileRef = 47416EB01B63F409002F6D89 /* Images.xcassets */; };
		47416EB41B63F409002F6D89 /* LaunchScreen.xib in Resources */ = {isa = PBXBuildFile; fileRef = 47416EB21B63F409002F6D89 /* LaunchScreen.xib */; };
		47416EC01B63F409002F6D89 /* Project2Tests.swift in Sources */ = {isa = PBXBuildFile; fileRef = 47416EBF1B63F409002F6D89 /* Project2Tests.swift */; };
		47416ECA1B6409D3002F6D89 /* Array+Shuffling.swift in Sources */ = {isa = PBXBuildFile; fileRef = 47416EC91B6409D3002F6D89 /* Array+Shuffling.swift */; };
/* End PBXBuildFile section */

/* Begin PBXContainerItemProxy section */
		47416EBA1B63F409002F6D89 /* PBXContainerItemProxy */ = {
			isa = PBXContainerItemProxy;
			containerPortal = 47416E9C1B63F409002F6D89 /* Project object */;
			proxyType = 1;
			remoteGlobalIDString = 47416EA31B63F409002F6D89;
			remoteInfo = Project2;
		};
/* End PBXContainerItemProxy section */

/* Begin PBXFileReference section */
		47416EA41B63F409002F6D89 /* Project2.app */ = {isa = PBXFileReference; explicitFileType = wrapper.application; includeInIndex = 0; path = Project2.app; sourceTree = BUILT_PRODUCTS_DIR; };
		47416EA81B63F409002F6D89 /* Info.plist */ = {isa = PBXFileReference; lastKnownFileType = text.plist.xml; path = Info.plist; sourceTree = "<group>"; };
		47416EA91B63F409002F6D89 /* AppDelegate.swift */ = {isa = PBXFileReference; lastKnownFileType = sourcecode.swift; path = AppDelegate.swift; sourceTree = "<group>"; };
		47416EAB1B63F409002F6D89 /* ViewController.swift */ = {isa = PBXFileReference; lastKnownFileType = sourcecode.swift; path = ViewController.swift; sourceTree = "<group>"; };
		47416EAE1B63F409002F6D89 /* Base */ = {isa = PBXFileReference; lastKnownFileType = file.storyboard; name = Base; path = Base.lproj/Main.storyboard; sourceTree = "<group>"; };
		47416EB01B63F409002F6D89 /* Images.xcassets */ = {isa = PBXFileReference; lastKnownFileType = folder.assetcatalog; path = Images.xcassets; sourceTree = "<group>"; };
		47416EB31B63F409002F6D89 /* Base */ = {isa = PBXFileReference; lastKnownFileType = file.xib; name = Base; path = Base.lproj/LaunchScreen.xib; sourceTree = "<group>"; };
		47416EB91B63F409002F6D89 /* Project2Tests.xctest */ = {isa = PBXFileReference; explicitFileType = wrapper.cfbundle; includeInIndex = 0; path = Project2Tests.xctest; sourceTree = BUILT_PRODUCTS_DIR; };
		47416EBE1B63F409002F6D89 /* Info.plist */ = {isa = PBXFileReference; lastKnownFileType = text.plist.xml; path = Info.plist; sourceTree = "<group>"; };
		47416EBF1B63F409002F6D89 /* Project2Tests.swift */ = {isa = PBXFileReference; lastKnownFileType = sourcecode.swift; path = Project2Tests.swift; sourceTree = "<group>"; };
		47416EC91B6409D3002F6D89 /* Array+Shuffling.swift */ = {isa = PBXFileReference; fileEncoding = 4; lastKnownFileType = sourcecode.swift; path = "Array+Shuffling.swift"; sourceTree = "<group>"; };
/* End PBXFileReference section */

/* Begin PBXFrameworksBuildPhase section */
		47416EA11B63F409002F6D89 /* Frameworks */ = {
			isa = PBXFrameworksBuildPhase;
			buildActionMask = 2147483647;
			files = (
			);
			runOnlyForDeploymentPostprocessing = 0;
		};
		47416EB61B63F409002F6D89 /* Frameworks */ = {
			isa = PBXFrameworksBuildPhase;
			buildActionMask = 2147483647;
			files = (
			);
			runOnlyForDeploymentPostprocessing = 0;
		};
/* End PBXFrameworksBuildPhase section */

/* Begin PBXGroup section */
		47416E9B1B63F409002F6D89 = {
			isa = PBXGroup;
			children = (
				47416EA61B63F409002F6D89 /* Project2 */,
				47416EBC1B63F409002F6D89 /* Project2Tests */,
				47416EA51B63F409002F6D89 /* Products */,
			);
			sourceTree = "<group>";
		};
		47416EA51B63F409002F6D89 /* Products */ = {
			isa = PBXGroup;
			children = (
				47416EA41B63F409002F6D89 /* Project2.app */,
				47416EB91B63F409002F6D89 /* Project2Tests.xctest */,
			);
			name = Products;
			sourceTree = "<group>";
		};
		47416EA61B63F409002F6D89 /* Project2 */ = {
			isa = PBXGroup;
			children = (
				47416EA91B63F409002F6D89 /* AppDelegate.swift */,
				47416EC91B6409D3002F6D89 /* Array+Shuffling.swift */,
				47416EAB1B63F409002F6D89 /* ViewController.swift */,
				47416EAD1B63F409002F6D89 /* Main.storyboard */,
				47416EB01B63F409002F6D89 /* Images.xcassets */,
				47416EB21B63F409002F6D89 /* LaunchScreen.xib */,
				47416EA71B63F409002F6D89 /* Supporting Files */,
			);
			path = Project2;
			sourceTree = "<group>";
		};
		47416EA71B63F409002F6D89 /* Supporting Files */ = {
			isa = PBXGroup;
			children = (
				47416EA81B63F409002F6D89 /* Info.plist */,
			);
			name = "Supporting Files";
			sourceTree = "<group>";
		};
		47416EBC1B63F409002F6D89 /* Project2Tests */ = {
			isa = PBXGroup;
			children = (
				47416EBF1B63F409002F6D89 /* Project2Tests.swift */,
				47416EBD1B63F409002F6D89 /* Supporting Files */,
			);
			path = Project2Tests;
			sourceTree = "<group>";
		};
		47416EBD1B63F409002F6D89 /* Supporting Files */ = {
			isa = PBXGroup;
			children = (
				47416EBE1B63F409002F6D89 /* Info.plist */,
			);
			name = "Supporting Files";
			sourceTree = "<group>";
		};
/* End PBXGroup section */

/* Begin PBXNativeTarget section */
		47416EA31B63F409002F6D89 /* Project2 */ = {
			isa = PBXNativeTarget;
			buildConfigurationList = 47416EC31B63F409002F6D89 /* Build configuration list for PBXNativeTarget "Project2" */;
			buildPhases = (
				47416EA01B63F409002F6D89 /* Sources */,
				47416EA11B63F409002F6D89 /* Frameworks */,
				47416EA21B63F409002F6D89 /* Resources */,
			);
			buildRules = (
			);
			dependencies = (
			);
			name = Project2;
			productName = Project2;
			productReference = 47416EA41B63F409002F6D89 /* Project2.app */;
			productType = "com.apple.product-type.application";
		};
		47416EB81B63F409002F6D89 /* Project2Tests */ = {
			isa = PBXNativeTarget;
			buildConfigurationList = 47416EC61B63F409002F6D89 /* Build configuration list for PBXNativeTarget "Project2Tests" */;
			buildPhases = (
				47416EB51B63F409002F6D89 /* Sources */,
				47416EB61B63F409002F6D89 /* Frameworks */,
				47416EB71B63F409002F6D89 /* Resources */,
			);
			buildRules = (
			);
			dependencies = (
				47416EBB1B63F409002F6D89 /* PBXTargetDependency */,
			);
			name = Project2Tests;
			productName = Project2Tests;
			productReference = 47416EB91B63F409002F6D89 /* Project2Tests.xctest */;
			productType = "com.apple.product-type.bundle.unit-test";
		};
/* End PBXNativeTarget section */

/* Begin PBXProject section */
		47416E9C1B63F409002F6D89 /* Project object */ = {
			isa = PBXProject;
			attributes = {
				LastUpgradeCheck = 0640;
				ORGANIZATIONNAME = "Xavi Moll";
				TargetAttributes = {
					47416EA31B63F409002F6D89 = {
						CreatedOnToolsVersion = 6.4;
					};
					47416EB81B63F409002F6D89 = {
						CreatedOnToolsVersion = 6.4;
						TestTargetID = 47416EA31B63F409002F6D89;
					};
				};
			};
			buildConfigurationList = 47416E9F1B63F409002F6D89 /* Build configuration list for PBXProject "Project2" */;
			compatibilityVersion = "Xcode 3.2";
			developmentRegion = English;
			hasScannedForEncodings = 0;
			knownRegions = (
				en,
				Base,
			);
			mainGroup = 47416E9B1B63F409002F6D89;
			productRefGroup = 47416EA51B63F409002F6D89 /* Products */;
			projectDirPath = "";
			projectRoot = "";
			targets = (
				47416EA31B63F409002F6D89 /* Project2 */,
				47416EB81B63F409002F6D89 /* Project2Tests */,
			);
		};
/* End PBXProject section */

/* Begin PBXResourcesBuildPhase section */
		47416EA21B63F409002F6D89 /* Resources */ = {
			isa = PBXResourcesBuildPhase;
			buildActionMask = 2147483647;
			files = (
				47416EAF1B63F409002F6D89 /* Main.storyboard in Resources */,
				47416EB41B63F409002F6D89 /* LaunchScreen.xib in Resources */,
				47416EB11B63F409002F6D89 /* Images.xcassets in Resources */,
			);
			runOnlyForDeploymentPostprocessing = 0;
		};
		47416EB71B63F409002F6D89 /* Resources */ = {
			isa = PBXResourcesBuildPhase;
			buildActionMask = 2147483647;
			files = (
			);
			runOnlyForDeploymentPostprocessing = 0;
		};
/* End PBXResourcesBuildPhase section */

/* Begin PBXSourcesBuildPhase section */
		47416EA01B63F409002F6D89 /* Sources */ = {
			isa = PBXSourcesBuildPhase;
			buildActionMask = 2147483647;
			files = (
				47416EAC1B63F409002F6D89 /* ViewController.swift in Sources */,
				47416EAA1B63F409002F6D89 /* AppDelegate.swift in Sources */,
				47416ECA1B6409D3002F6D89 /* Array+Shuffling.swift in Sources */,
			);
			runOnlyForDeploymentPostprocessing = 0;
		};
		47416EB51B63F409002F6D89 /* Sources */ = {
			isa = PBXSourcesBuildPhase;
			buildActionMask = 2147483647;
			files = (
				47416EC01B63F409002F6D89 /* Project2Tests.swift in Sources */,
			);
			runOnlyForDeploymentPostprocessing = 0;
		};
/* End PBXSourcesBuildPhase section */

/* Begin PBXTargetDependency section */
		47416EBB1B63F409002F6D89 /* PBXTargetDependency */ = {
			isa = PBXTargetDependency;
			target = 47416EA31B63F409002F6D89 /* Project2 */;
			targetProxy = 47416EBA1B63F409002F6D89 /* PBXContainerItemProxy */;
		};
/* End PBXTargetDependency section */

/* Begin PBXVariantGroup section */
		47416EAD1B63F409002F6D89 /* Main.storyboard */ = {
			isa = PBXVariantGroup;
			children = (
				47416EAE1B63F409002F6D89 /* Base */,
			);
			name = Main.storyboard;
			sourceTree = "<group>";
		};
		47416EB21B63F409002F6D89 /* LaunchScreen.xib */ = {
			isa = PBXVariantGroup;
			children = (
				47416EB31B63F409002F6D89 /* Base */,
			);
			name = LaunchScreen.xib;
			sourceTree = "<group>";
		};
/* End PBXVariantGroup section */

/* Begin XCBuildConfiguration section */
		47416EC11B63F409002F6D89 /* Debug */ = {
			isa = XCBuildConfiguration;
			buildSettings = {
				ALWAYS_SEARCH_USER_PATHS = NO;
				CLANG_CXX_LANGUAGE_STANDARD = "gnu++0x";
				CLANG_CXX_LIBRARY = "libc++";
				CLANG_ENABLE_MODULES = YES;
				CLANG_ENABLE_OBJC_ARC = YES;
				CLANG_WARN_BOOL_CONVERSION = YES;
				CLANG_WARN_CONSTANT_CONVERSION = YES;
				CLANG_WARN_DIRECT_OBJC_ISA_USAGE = YES_ERROR;
				CLANG_WARN_EMPTY_BODY = YES;
				CLANG_WARN_ENUM_CONVERSION = YES;
				CLANG_WARN_INT_CONVERSION = YES;
				CLANG_WARN_OBJC_ROOT_CLASS = YES_ERROR;
				CLANG_WARN_UNREACHABLE_CODE = YES;
				CLANG_WARN__DUPLICATE_METHOD_MATCH = YES;
				"CODE_SIGN_IDENTITY[sdk=iphoneos*]" = "iPhone Developer";
				COPY_PHASE_STRIP = NO;
				DEBUG_INFORMATION_FORMAT = "dwarf-with-dsym";
				ENABLE_STRICT_OBJC_MSGSEND = YES;
				GCC_C_LANGUAGE_STANDARD = gnu99;
				GCC_DYNAMIC_NO_PIC = NO;
				GCC_NO_COMMON_BLOCKS = YES;
				GCC_OPTIMIZATION_LEVEL = 0;
				GCC_PREPROCESSOR_DEFINITIONS = (
					"DEBUG=1",
					"$(inherited)",
				);
				GCC_SYMBOLS_PRIVATE_EXTERN = NO;
				GCC_WARN_64_TO_32_BIT_CONVERSION = YES;
				GCC_WARN_ABOUT_RETURN_TYPE = YES_ERROR;
				GCC_WARN_UNDECLARED_SELECTOR = YES;
				GCC_WARN_UNINITIALIZED_AUTOS = YES_AGGRESSIVE;
				GCC_WARN_UNUSED_FUNCTION = YES;
				GCC_WARN_UNUSED_VARIABLE = YES;
				IPHONEOS_DEPLOYMENT_TARGET = 8.4;
				MTL_ENABLE_DEBUG_INFO = YES;
				ONLY_ACTIVE_ARCH = YES;
				SDKROOT = iphoneos;
				SWIFT_OPTIMIZATION_LEVEL = "-Onone";
			};
			name = Debug;
		};
		47416EC21B63F409002F6D89 /* Release */ = {
			isa = XCBuildConfiguration;
			buildSettings = {
				ALWAYS_SEARCH_USER_PATHS = NO;
				CLANG_CXX_LANGUAGE_STANDARD = "gnu++0x";
				CLANG_CXX_LIBRARY = "libc++";
				CLANG_ENABLE_MODULES = YES;
				CLANG_ENABLE_OBJC_ARC = YES;
				CLANG_WARN_BOOL_CONVERSION = YES;
				CLANG_WARN_CONSTANT_CONVERSION = YES;
				CLANG_WARN_DIRECT_OBJC_ISA_USAGE = YES_ERROR;
				CLANG_WARN_EMPTY_BODY = YES;
				CLANG_WARN_ENUM_CONVERSION = YES;
				CLANG_WARN_INT_CONVERSION = YES;
				CLANG_WARN_OBJC_ROOT_CLASS = YES_ERROR;
				CLANG_WARN_UNREACHABLE_CODE = YES;
				CLANG_WARN__DUPLICATE_METHOD_MATCH = YES;
				"CODE_SIGN_IDENTITY[sdk=iphoneos*]" = "iPhone Developer";
				COPY_PHASE_STRIP = NO;
				DEBUG_INFORMATION_FORMAT = "dwarf-with-dsym";
				ENABLE_NS_ASSERTIONS = NO;
				ENABLE_STRICT_OBJC_MSGSEND = YES;
				GCC_C_LANGUAGE_STANDARD = gnu99;
				GCC_NO_COMMON_BLOCKS = YES;
				GCC_WARN_64_TO_32_BIT_CONVERSION = YES;
				GCC_WARN_ABOUT_RETURN_TYPE = YES_ERROR;
				GCC_WARN_UNDECLARED_SELECTOR = YES;
				GCC_WARN_UNINITIALIZED_AUTOS = YES_AGGRESSIVE;
				GCC_WARN_UNUSED_FUNCTION = YES;
				GCC_WARN_UNUSED_VARIABLE = YES;
				IPHONEOS_DEPLOYMENT_TARGET = 8.4;
				MTL_ENABLE_DEBUG_INFO = NO;
				SDKROOT = iphoneos;
				VALIDATE_PRODUCT = YES;
			};
			name = Release;
		};
		47416EC41B63F409002F6D89 /* Debug */ = {
			isa = XCBuildConfiguration;
			buildSettings = {
				ASSETCATALOG_COMPILER_APPICON_NAME = AppIcon;
				INFOPLIST_FILE = Project2/Info.plist;
				LD_RUNPATH_SEARCH_PATHS = "$(inherited) @executable_path/Frameworks";
				PRODUCT_NAME = "$(TARGET_NAME)";
			};
			name = Debug;
		};
		47416EC51B63F409002F6D89 /* Release */ = {
			isa = XCBuildConfiguration;
			buildSettings = {
				ASSETCATALOG_COMPILER_APPICON_NAME = AppIcon;
				INFOPLIST_FILE = Project2/Info.plist;
				LD_RUNPATH_SEARCH_PATHS = "$(inherited) @executable_path/Frameworks";
				PRODUCT_NAME = "$(TARGET_NAME)";
			};
			name = Release;
		};
		47416EC71B63F409002F6D89 /* Debug */ = {
			isa = XCBuildConfiguration;
			buildSettings = {
				BUNDLE_LOADER = "$(TEST_HOST)";
				FRAMEWORK_SEARCH_PATHS = (
					"$(SDKROOT)/Developer/Library/Frameworks",
					"$(inherited)",
				);
				GCC_PREPROCESSOR_DEFINITIONS = (
					"DEBUG=1",
					"$(inherited)",
				);
				INFOPLIST_FILE = Project2Tests/Info.plist;
				LD_RUNPATH_SEARCH_PATHS = "$(inherited) @executable_path/Frameworks @loader_path/Frameworks";
				PRODUCT_NAME = "$(TARGET_NAME)";
				TEST_HOST = "$(BUILT_PRODUCTS_DIR)/Project2.app/Project2";
			};
			name = Debug;
		};
		47416EC81B63F409002F6D89 /* Release */ = {
			isa = XCBuildConfiguration;
			buildSettings = {
				BUNDLE_LOADER = "$(TEST_HOST)";
				FRAMEWORK_SEARCH_PATHS = (
					"$(SDKROOT)/Developer/Library/Frameworks",
					"$(inherited)",
				);
				INFOPLIST_FILE = Project2Tests/Info.plist;
				LD_RUNPATH_SEARCH_PATHS = "$(inherited) @executable_path/Frameworks @loader_path/Frameworks";
				PRODUCT_NAME = "$(TARGET_NAME)";
				TEST_HOST = "$(BUILT_PRODUCTS_DIR)/Project2.app/Project2";
			};
			name = Release;
		};
/* End XCBuildConfiguration section */

/* Begin XCConfigurationList section */
		47416E9F1B63F409002F6D89 /* Build configuration list for PBXProject "Project2" */ = {
			isa = XCConfigurationList;
			buildConfigurations = (
				47416EC11B63F409002F6D89 /* Debug */,
				47416EC21B63F409002F6D89 /* Release */,
			);
			defaultConfigurationIsVisible = 0;
			defaultConfigurationName = Release;
		};
		47416EC31B63F409002F6D89 /* Build configuration list for PBXNativeTarget "Project2" */ = {
			isa = XCConfigurationList;
			buildConfigurations = (
				47416EC41B63F409002F6D89 /* Debug */,
				47416EC51B63F409002F6D89 /* Release */,
			);
			defaultConfigurationIsVisible = 0;
		};
		47416EC61B63F409002F6D89 /* Build configuration list for PBXNativeTarget "Project2Tests" */ = {
			isa = XCConfigurationList;
			buildConfigurations = (
				47416EC71B63F409002F6D89 /* Debug */,
				47416EC81B63F409002F6D89 /* Release */,
			);
			defaultConfigurationIsVisible = 0;
		};
/* End XCConfigurationList section */
	};
	rootObject = 47416E9C1B63F409002F6D89 /* Project object */;
}
