// !$*UTF8*$!
{
	archiveVersion = 1;
	classes = {
	};
	objectVersion = 46;
	objects = {

/* Begin PBXBuildFile section */
		472317C51B7E43060054C060 /* AppDelegate.swift in Sources */ = {isa = PBXBuildFile; fileRef = 472317C41B7E43060054C060 /* AppDelegate.swift */; };
		472317C71B7E43060054C060 /* ViewController.swift in Sources */ = {isa = PBXBuildFile; fileRef = 472317C61B7E43060054C060 /* ViewController.swift */; };
		472317CA1B7E43060054C060 /* Main.storyboard in Resources */ = {isa = PBXBuildFile; fileRef = 472317C81B7E43060054C060 /* Main.storyboard */; };
		472317CC1B7E43060054C060 /* Images.xcassets in Resources */ = {isa = PBXBuildFile; fileRef = 472317CB1B7E43060054C060 /* Images.xcassets */; };
		472317CF1B7E43060054C060 /* LaunchScreen.xib in Resources */ = {isa = PBXBuildFile; fileRef = 472317CD1B7E43060054C060 /* LaunchScreen.xib */; };
		472317DB1B7E43070054C060 /* Project25Tests.swift in Sources */ = {isa = PBXBuildFile; fileRef = 472317DA1B7E43070054C060 /* Project25Tests.swift */; };
/* End PBXBuildFile section */

/* Begin PBXContainerItemProxy section */
		472317D51B7E43070054C060 /* PBXContainerItemProxy */ = {
			isa = PBXContainerItemProxy;
			containerPortal = 472317B71B7E43060054C060 /* Project object */;
			proxyType = 1;
			remoteGlobalIDString = 472317BE1B7E43060054C060;
			remoteInfo = Project25;
		};
/* End PBXContainerItemProxy section */

/* Begin PBXFileReference section */
		472317BF1B7E43060054C060 /* Project25.app */ = {isa = PBXFileReference; explicitFileType = wrapper.application; includeInIndex = 0; path = Project25.app; sourceTree = BUILT_PRODUCTS_DIR; };
		472317C31B7E43060054C060 /* Info.plist */ = {isa = PBXFileReference; lastKnownFileType = text.plist.xml; path = Info.plist; sourceTree = "<group>"; };
		472317C41B7E43060054C060 /* AppDelegate.swift */ = {isa = PBXFileReference; lastKnownFileType = sourcecode.swift; path = AppDelegate.swift; sourceTree = "<group>"; };
		472317C61B7E43060054C060 /* ViewController.swift */ = {isa = PBXFileReference; lastKnownFileType = sourcecode.swift; path = ViewController.swift; sourceTree = "<group>"; };
		472317C91B7E43060054C060 /* Base */ = {isa = PBXFileReference; lastKnownFileType = file.storyboard; name = Base; path = Base.lproj/Main.storyboard; sourceTree = "<group>"; };
		472317CB1B7E43060054C060 /* Images.xcassets */ = {isa = PBXFileReference; lastKnownFileType = folder.assetcatalog; path = Images.xcassets; sourceTree = "<group>"; };
		472317CE1B7E43060054C060 /* Base */ = {isa = PBXFileReference; lastKnownFileType = file.xib; name = Base; path = Base.lproj/LaunchScreen.xib; sourceTree = "<group>"; };
		472317D41B7E43060054C060 /* Project25Tests.xctest */ = {isa = PBXFileReference; explicitFileType = wrapper.cfbundle; includeInIndex = 0; path = Project25Tests.xctest; sourceTree = BUILT_PRODUCTS_DIR; };
		472317D91B7E43070054C060 /* Info.plist */ = {isa = PBXFileReference; lastKnownFileType = text.plist.xml; path = Info.plist; sourceTree = "<group>"; };
		472317DA1B7E43070054C060 /* Project25Tests.swift */ = {isa = PBXFileReference; lastKnownFileType = sourcecode.swift; path = Project25Tests.swift; sourceTree = "<group>"; };
/* End PBXFileReference section */

/* Begin PBXFrameworksBuildPhase section */
		472317BC1B7E43060054C060 /* Frameworks */ = {
			isa = PBXFrameworksBuildPhase;
			buildActionMask = 2147483647;
			files = (
			);
			runOnlyForDeploymentPostprocessing = 0;
		};
		472317D11B7E43060054C060 /* Frameworks */ = {
			isa = PBXFrameworksBuildPhase;
			buildActionMask = 2147483647;
			files = (
			);
			runOnlyForDeploymentPostprocessing = 0;
		};
/* End PBXFrameworksBuildPhase section */

/* Begin PBXGroup section */
		472317B61B7E43060054C060 = {
			isa = PBXGroup;
			children = (
				472317C11B7E43060054C060 /* Project25 */,
				472317D71B7E43070054C060 /* Project25Tests */,
				472317C01B7E43060054C060 /* Products */,
			);
			sourceTree = "<group>";
		};
		472317C01B7E43060054C060 /* Products */ = {
			isa = PBXGroup;
			children = (
				472317BF1B7E43060054C060 /* Project25.app */,
				472317D41B7E43060054C060 /* Project25Tests.xctest */,
			);
			name = Products;
			sourceTree = "<group>";
		};
		472317C11B7E43060054C060 /* Project25 */ = {
			isa = PBXGroup;
			children = (
				472317C41B7E43060054C060 /* AppDelegate.swift */,
				472317C61B7E43060054C060 /* ViewController.swift */,
				472317C81B7E43060054C060 /* Main.storyboard */,
				472317CB1B7E43060054C060 /* Images.xcassets */,
				472317CD1B7E43060054C060 /* LaunchScreen.xib */,
				472317C21B7E43060054C060 /* Supporting Files */,
			);
			path = Project25;
			sourceTree = "<group>";
		};
		472317C21B7E43060054C060 /* Supporting Files */ = {
			isa = PBXGroup;
			children = (
				472317C31B7E43060054C060 /* Info.plist */,
			);
			name = "Supporting Files";
			sourceTree = "<group>";
		};
		472317D71B7E43070054C060 /* Project25Tests */ = {
			isa = PBXGroup;
			children = (
				472317DA1B7E43070054C060 /* Project25Tests.swift */,
				472317D81B7E43070054C060 /* Supporting Files */,
			);
			path = Project25Tests;
			sourceTree = "<group>";
		};
		472317D81B7E43070054C060 /* Supporting Files */ = {
			isa = PBXGroup;
			children = (
				472317D91B7E43070054C060 /* Info.plist */,
			);
			name = "Supporting Files";
			sourceTree = "<group>";
		};
/* End PBXGroup section */

/* Begin PBXNativeTarget section */
		472317BE1B7E43060054C060 /* Project25 */ = {
			isa = PBXNativeTarget;
			buildConfigurationList = 472317DE1B7E43070054C060 /* Build configuration list for PBXNativeTarget "Project25" */;
			buildPhases = (
				472317BB1B7E43060054C060 /* Sources */,
				472317BC1B7E43060054C060 /* Frameworks */,
				472317BD1B7E43060054C060 /* Resources */,
			);
			buildRules = (
			);
			dependencies = (
			);
			name = Project25;
			productName = Project25;
			productReference = 472317BF1B7E43060054C060 /* Project25.app */;
			productType = "com.apple.product-type.application";
		};
		472317D31B7E43060054C060 /* Project25Tests */ = {
			isa = PBXNativeTarget;
			buildConfigurationList = 472317E11B7E43070054C060 /* Build configuration list for PBXNativeTarget "Project25Tests" */;
			buildPhases = (
				472317D01B7E43060054C060 /* Sources */,
				472317D11B7E43060054C060 /* Frameworks */,
				472317D21B7E43060054C060 /* Resources */,
			);
			buildRules = (
			);
			dependencies = (
				472317D61B7E43070054C060 /* PBXTargetDependency */,
			);
			name = Project25Tests;
			productName = Project25Tests;
			productReference = 472317D41B7E43060054C060 /* Project25Tests.xctest */;
			productType = "com.apple.product-type.bundle.unit-test";
		};
/* End PBXNativeTarget section */

/* Begin PBXProject section */
		472317B71B7E43060054C060 /* Project object */ = {
			isa = PBXProject;
			attributes = {
				LastUpgradeCheck = 0640;
				ORGANIZATIONNAME = "Xavi Moll";
				TargetAttributes = {
					472317BE1B7E43060054C060 = {
						CreatedOnToolsVersion = 6.4;
					};
					472317D31B7E43060054C060 = {
						CreatedOnToolsVersion = 6.4;
						TestTargetID = 472317BE1B7E43060054C060;
					};
				};
			};
			buildConfigurationList = 472317BA1B7E43060054C060 /* Build configuration list for PBXProject "Project25" */;
			compatibilityVersion = "Xcode 3.2";
			developmentRegion = English;
			hasScannedForEncodings = 0;
			knownRegions = (
				en,
				Base,
			);
			mainGroup = 472317B61B7E43060054C060;
			productRefGroup = 472317C01B7E43060054C060 /* Products */;
			projectDirPath = "";
			projectRoot = "";
			targets = (
				472317BE1B7E43060054C060 /* Project25 */,
				472317D31B7E43060054C060 /* Project25Tests */,
			);
		};
/* End PBXProject section */

/* Begin PBXResourcesBuildPhase section */
		472317BD1B7E43060054C060 /* Resources */ = {
			isa = PBXResourcesBuildPhase;
			buildActionMask = 2147483647;
			files = (
				472317CA1B7E43060054C060 /* Main.storyboard in Resources */,
				472317CF1B7E43060054C060 /* LaunchScreen.xib in Resources */,
				472317CC1B7E43060054C060 /* Images.xcassets in Resources */,
			);
			runOnlyForDeploymentPostprocessing = 0;
		};
		472317D21B7E43060054C060 /* Resources */ = {
			isa = PBXResourcesBuildPhase;
			buildActionMask = 2147483647;
			files = (
			);
			runOnlyForDeploymentPostprocessing = 0;
		};
/* End PBXResourcesBuildPhase section */

/* Begin PBXSourcesBuildPhase section */
		472317BB1B7E43060054C060 /* Sources */ = {
			isa = PBXSourcesBuildPhase;
			buildActionMask = 2147483647;
			files = (
				472317C71B7E43060054C060 /* ViewController.swift in Sources */,
				472317C51B7E43060054C060 /* AppDelegate.swift in Sources */,
			);
			runOnlyForDeploymentPostprocessing = 0;
		};
		472317D01B7E43060054C060 /* Sources */ = {
			isa = PBXSourcesBuildPhase;
			buildActionMask = 2147483647;
			files = (
				472317DB1B7E43070054C060 /* Project25Tests.swift in Sources */,
			);
			runOnlyForDeploymentPostprocessing = 0;
		};
/* End PBXSourcesBuildPhase section */

/* Begin PBXTargetDependency section */
		472317D61B7E43070054C060 /* PBXTargetDependency */ = {
			isa = PBXTargetDependency;
			target = 472317BE1B7E43060054C060 /* Project25 */;
			targetProxy = 472317D51B7E43070054C060 /* PBXContainerItemProxy */;
		};
/* End PBXTargetDependency section */

/* Begin PBXVariantGroup section */
		472317C81B7E43060054C060 /* Main.storyboard */ = {
			isa = PBXVariantGroup;
			children = (
				472317C91B7E43060054C060 /* Base */,
			);
			name = Main.storyboard;
			sourceTree = "<group>";
		};
		472317CD1B7E43060054C060 /* LaunchScreen.xib */ = {
			isa = PBXVariantGroup;
			children = (
				472317CE1B7E43060054C060 /* Base */,
			);
			name = LaunchScreen.xib;
			sourceTree = "<group>";
		};
/* End PBXVariantGroup section */

/* Begin XCBuildConfiguration section */
		472317DC1B7E43070054C060 /* Debug */ = {
			isa = XCBuildConfiguration;
			buildSettings = {
				ALWAYS_SEARCH_USER_PATHS = NO;
				CLANG_CXX_LANGUAGE_STANDARD = "gnu++0x";
				CLANG_CXX_LIBRARY = "libc++";
				CLANG_ENABLE_MODULES = YES;
				CLANG_ENABLE_OBJC_ARC = YES;
				CLANG_WARN_BOOL_CONVERSION = YES;
				CLANG_WARN_CONSTANT_CONVERSION = YES;
				CLANG_WARN_DIRECT_OBJC_ISA_USAGE = YES_ERROR;
				CLANG_WARN_EMPTY_BODY = YES;
				CLANG_WARN_ENUM_CONVERSION = YES;
				CLANG_WARN_INT_CONVERSION = YES;
				CLANG_WARN_OBJC_ROOT_CLASS = YES_ERROR;
				CLANG_WARN_UNREACHABLE_CODE = YES;
				CLANG_WARN__DUPLICATE_METHOD_MATCH = YES;
				"CODE_SIGN_IDENTITY[sdk=iphoneos*]" = "iPhone Developer";
				COPY_PHASE_STRIP = NO;
				DEBUG_INFORMATION_FORMAT = "dwarf-with-dsym";
				ENABLE_STRICT_OBJC_MSGSEND = YES;
				GCC_C_LANGUAGE_STANDARD = gnu99;
				GCC_DYNAMIC_NO_PIC = NO;
				GCC_NO_COMMON_BLOCKS = YES;
				GCC_OPTIMIZATION_LEVEL = 0;
				GCC_PREPROCESSOR_DEFINITIONS = (
					"DEBUG=1",
					"$(inherited)",
				);
				GCC_SYMBOLS_PRIVATE_EXTERN = NO;
				GCC_WARN_64_TO_32_BIT_CONVERSION = YES;
				GCC_WARN_ABOUT_RETURN_TYPE = YES_ERROR;
				GCC_WARN_UNDECLARED_SELECTOR = YES;
				GCC_WARN_UNINITIALIZED_AUTOS = YES_AGGRESSIVE;
				GCC_WARN_UNUSED_FUNCTION = YES;
				GCC_WARN_UNUSED_VARIABLE = YES;
				IPHONEOS_DEPLOYMENT_TARGET = 8.4;
				MTL_ENABLE_DEBUG_INFO = YES;
				ONLY_ACTIVE_ARCH = YES;
				SDKROOT = iphoneos;
				SWIFT_OPTIMIZATION_LEVEL = "-Onone";
			};
			name = Debug;
		};
		472317DD1B7E43070054C060 /* Release */ = {
			isa = XCBuildConfiguration;
			buildSettings = {
				ALWAYS_SEARCH_USER_PATHS = NO;
				CLANG_CXX_LANGUAGE_STANDARD = "gnu++0x";
				CLANG_CXX_LIBRARY = "libc++";
				CLANG_ENABLE_MODULES = YES;
				CLANG_ENABLE_OBJC_ARC = YES;
				CLANG_WARN_BOOL_CONVERSION = YES;
				CLANG_WARN_CONSTANT_CONVERSION = YES;
				CLANG_WARN_DIRECT_OBJC_ISA_USAGE = YES_ERROR;
				CLANG_WARN_EMPTY_BODY = YES;
				CLANG_WARN_ENUM_CONVERSION = YES;
				CLANG_WARN_INT_CONVERSION = YES;
				CLANG_WARN_OBJC_ROOT_CLASS = YES_ERROR;
				CLANG_WARN_UNREACHABLE_CODE = YES;
				CLANG_WARN__DUPLICATE_METHOD_MATCH = YES;
				"CODE_SIGN_IDENTITY[sdk=iphoneos*]" = "iPhone Developer";
				COPY_PHASE_STRIP = NO;
				DEBUG_INFORMATION_FORMAT = "dwarf-with-dsym";
				ENABLE_NS_ASSERTIONS = NO;
				ENABLE_STRICT_OBJC_MSGSEND = YES;
				GCC_C_LANGUAGE_STANDARD = gnu99;
				GCC_NO_COMMON_BLOCKS = YES;
				GCC_WARN_64_TO_32_BIT_CONVERSION = YES;
				GCC_WARN_ABOUT_RETURN_TYPE = YES_ERROR;
				GCC_WARN_UNDECLARED_SELECTOR = YES;
				GCC_WARN_UNINITIALIZED_AUTOS = YES_AGGRESSIVE;
				GCC_WARN_UNUSED_FUNCTION = YES;
				GCC_WARN_UNUSED_VARIABLE = YES;
				IPHONEOS_DEPLOYMENT_TARGET = 8.4;
				MTL_ENABLE_DEBUG_INFO = NO;
				SDKROOT = iphoneos;
				VALIDATE_PRODUCT = YES;
			};
			name = Release;
		};
		472317DF1B7E43070054C060 /* Debug */ = {
			isa = XCBuildConfiguration;
			buildSettings = {
				ASSETCATALOG_COMPILER_APPICON_NAME = AppIcon;
				INFOPLIST_FILE = Project25/Info.plist;
				LD_RUNPATH_SEARCH_PATHS = "$(inherited) @executable_path/Frameworks";
				PRODUCT_NAME = "$(TARGET_NAME)";
			};
			name = Debug;
		};
		472317E01B7E43070054C060 /* Release */ = {
			isa = XCBuildConfiguration;
			buildSettings = {
				ASSETCATALOG_COMPILER_APPICON_NAME = AppIcon;
				INFOPLIST_FILE = Project25/Info.plist;
				LD_RUNPATH_SEARCH_PATHS = "$(inherited) @executable_path/Frameworks";
				PRODUCT_NAME = "$(TARGET_NAME)";
			};
			name = Release;
		};
		472317E21B7E43070054C060 /* Debug */ = {
			isa = XCBuildConfiguration;
			buildSettings = {
				BUNDLE_LOADER = "$(TEST_HOST)";
				FRAMEWORK_SEARCH_PATHS = (
					"$(SDKROOT)/Developer/Library/Frameworks",
					"$(inherited)",
				);
				GCC_PREPROCESSOR_DEFINITIONS = (
					"DEBUG=1",
					"$(inherited)",
				);
				INFOPLIST_FILE = Project25Tests/Info.plist;
				LD_RUNPATH_SEARCH_PATHS = "$(inherited) @executable_path/Frameworks @loader_path/Frameworks";
				PRODUCT_NAME = "$(TARGET_NAME)";
				TEST_HOST = "$(BUILT_PRODUCTS_DIR)/Project25.app/Project25";
			};
			name = Debug;
		};
		472317E31B7E43070054C060 /* Release */ = {
			isa = XCBuildConfiguration;
			buildSettings = {
				BUNDLE_LOADER = "$(TEST_HOST)";
				FRAMEWORK_SEARCH_PATHS = (
					"$(SDKROOT)/Developer/Library/Frameworks",
					"$(inherited)",
				);
				INFOPLIST_FILE = Project25Tests/Info.plist;
				LD_RUNPATH_SEARCH_PATHS = "$(inherited) @executable_path/Frameworks @loader_path/Frameworks";
				PRODUCT_NAME = "$(TARGET_NAME)";
				TEST_HOST = "$(BUILT_PRODUCTS_DIR)/Project25.app/Project25";
			};
			name = Release;
		};
/* End XCBuildConfiguration section */

/* Begin XCConfigurationList section */
		472317BA1B7E43060054C060 /* Build configuration list for PBXProject "Project25" */ = {
			isa = XCConfigurationList;
			buildConfigurations = (
				472317DC1B7E43070054C060 /* Debug */,
				472317DD1B7E43070054C060 /* Release */,
			);
			defaultConfigurationIsVisible = 0;
			defaultConfigurationName = Release;
		};
		472317DE1B7E43070054C060 /* Build configuration list for PBXNativeTarget "Project25" */ = {
			isa = XCConfigurationList;
			buildConfigurations = (
				472317DF1B7E43070054C060 /* Debug */,
				472317E01B7E43070054C060 /* Release */,
			);
			defaultConfigurationIsVisible = 0;
		};
		472317E11B7E43070054C060 /* Build configuration list for PBXNativeTarget "Project25Tests" */ = {
			isa = XCConfigurationList;
			buildConfigurations = (
				472317E21B7E43070054C060 /* Debug */,
				472317E31B7E43070054C060 /* Release */,
			);
			defaultConfigurationIsVisible = 0;
		};
/* End XCConfigurationList section */
	};
	rootObject = 472317B71B7E43060054C060 /* Project object */;
}
