// !$*UTF8*$!
{
	archiveVersion = 1;
	classes = {
	};
	objectVersion = 46;
	objects = {

/* Begin PBXBuildFile section */
		474472661B7A706D003231A0 /* AppDelegate.swift in Sources */ = {isa = PBXBuildFile; fileRef = 474472651B7A706D003231A0 /* AppDelegate.swift */; };
		474472681B7A706D003231A0 /* ViewController.swift in Sources */ = {isa = PBXBuildFile; fileRef = 474472671B7A706D003231A0 /* ViewController.swift */; };
		4744726B1B7A706D003231A0 /* Main.storyboard in Resources */ = {isa = PBXBuildFile; fileRef = 474472691B7A706D003231A0 /* Main.storyboard */; };
		4744726D1B7A706D003231A0 /* Images.xcassets in Resources */ = {isa = PBXBuildFile; fileRef = 4744726C1B7A706D003231A0 /* Images.xcassets */; };
		474472701B7A706D003231A0 /* LaunchScreen.xib in Resources */ = {isa = PBXBuildFile; fileRef = 4744726E1B7A706D003231A0 /* LaunchScreen.xib */; };
		4744727C1B7A706D003231A0 /* Project19Tests.swift in Sources */ = {isa = PBXBuildFile; fileRef = 4744727B1B7A706D003231A0 /* Project19Tests.swift */; };
		474472861B7A70DE003231A0 /* MapKit.framework in Frameworks */ = {isa = PBXBuildFile; fileRef = 474472851B7A70DE003231A0 /* MapKit.framework */; };
		474472881B7A7198003231A0 /* Capital.swift in Sources */ = {isa = PBXBuildFile; fileRef = 474472871B7A7198003231A0 /* Capital.swift */; };
/* End PBXBuildFile section */

/* Begin PBXContainerItemProxy section */
		474472761B7A706D003231A0 /* PBXContainerItemProxy */ = {
			isa = PBXContainerItemProxy;
			containerPortal = 474472581B7A706D003231A0 /* Project object */;
			proxyType = 1;
			remoteGlobalIDString = 4744725F1B7A706D003231A0;
			remoteInfo = Project19;
		};
/* End PBXContainerItemProxy section */

/* Begin PBXFileReference section */
		474472601B7A706D003231A0 /* Project19.app */ = {isa = PBXFileReference; explicitFileType = wrapper.application; includeInIndex = 0; path = Project19.app; sourceTree = BUILT_PRODUCTS_DIR; };
		474472641B7A706D003231A0 /* Info.plist */ = {isa = PBXFileReference; lastKnownFileType = text.plist.xml; path = Info.plist; sourceTree = "<group>"; };
		474472651B7A706D003231A0 /* AppDelegate.swift */ = {isa = PBXFileReference; lastKnownFileType = sourcecode.swift; path = AppDelegate.swift; sourceTree = "<group>"; };
		474472671B7A706D003231A0 /* ViewController.swift */ = {isa = PBXFileReference; lastKnownFileType = sourcecode.swift; path = ViewController.swift; sourceTree = "<group>"; };
		4744726A1B7A706D003231A0 /* Base */ = {isa = PBXFileReference; lastKnownFileType = file.storyboard; name = Base; path = Base.lproj/Main.storyboard; sourceTree = "<group>"; };
		4744726C1B7A706D003231A0 /* Images.xcassets */ = {isa = PBXFileReference; lastKnownFileType = folder.assetcatalog; path = Images.xcassets; sourceTree = "<group>"; };
		4744726F1B7A706D003231A0 /* Base */ = {isa = PBXFileReference; lastKnownFileType = file.xib; name = Base; path = Base.lproj/LaunchScreen.xib; sourceTree = "<group>"; };
		474472751B7A706D003231A0 /* Project19Tests.xctest */ = {isa = PBXFileReference; explicitFileType = wrapper.cfbundle; includeInIndex = 0; path = Project19Tests.xctest; sourceTree = BUILT_PRODUCTS_DIR; };
		4744727A1B7A706D003231A0 /* Info.plist */ = {isa = PBXFileReference; lastKnownFileType = text.plist.xml; path = Info.plist; sourceTree = "<group>"; };
		4744727B1B7A706D003231A0 /* Project19Tests.swift */ = {isa = PBXFileReference; lastKnownFileType = sourcecode.swift; path = Project19Tests.swift; sourceTree = "<group>"; };
		474472851B7A70DE003231A0 /* MapKit.framework */ = {isa = PBXFileReference; lastKnownFileType = wrapper.framework; name = MapKit.framework; path = System/Library/Frameworks/MapKit.framework; sourceTree = SDKROOT; };
		474472871B7A7198003231A0 /* Capital.swift */ = {isa = PBXFileReference; fileEncoding = 4; lastKnownFileType = sourcecode.swift; path = Capital.swift; sourceTree = "<group>"; };
/* End PBXFileReference section */

/* Begin PBXFrameworksBuildPhase section */
		4744725D1B7A706D003231A0 /* Frameworks */ = {
			isa = PBXFrameworksBuildPhase;
			buildActionMask = 2147483647;
			files = (
				474472861B7A70DE003231A0 /* MapKit.framework in Frameworks */,
			);
			runOnlyForDeploymentPostprocessing = 0;
		};
		474472721B7A706D003231A0 /* Frameworks */ = {
			isa = PBXFrameworksBuildPhase;
			buildActionMask = 2147483647;
			files = (
			);
			runOnlyForDeploymentPostprocessing = 0;
		};
/* End PBXFrameworksBuildPhase section */

/* Begin PBXGroup section */
		474472571B7A706D003231A0 = {
			isa = PBXGroup;
			children = (
				474472851B7A70DE003231A0 /* MapKit.framework */,
				474472621B7A706D003231A0 /* Project19 */,
				474472781B7A706D003231A0 /* Project19Tests */,
				474472611B7A706D003231A0 /* Products */,
			);
			sourceTree = "<group>";
		};
		474472611B7A706D003231A0 /* Products */ = {
			isa = PBXGroup;
			children = (
				474472601B7A706D003231A0 /* Project19.app */,
				474472751B7A706D003231A0 /* Project19Tests.xctest */,
			);
			name = Products;
			sourceTree = "<group>";
		};
		474472621B7A706D003231A0 /* Project19 */ = {
			isa = PBXGroup;
			children = (
				474472651B7A706D003231A0 /* AppDelegate.swift */,
				474472671B7A706D003231A0 /* ViewController.swift */,
				474472691B7A706D003231A0 /* Main.storyboard */,
				4744726C1B7A706D003231A0 /* Images.xcassets */,
				4744726E1B7A706D003231A0 /* LaunchScreen.xib */,
				474472631B7A706D003231A0 /* Supporting Files */,
				474472871B7A7198003231A0 /* Capital.swift */,
			);
			path = Project19;
			sourceTree = "<group>";
		};
		474472631B7A706D003231A0 /* Supporting Files */ = {
			isa = PBXGroup;
			children = (
				474472641B7A706D003231A0 /* Info.plist */,
			);
			name = "Supporting Files";
			sourceTree = "<group>";
		};
		474472781B7A706D003231A0 /* Project19Tests */ = {
			isa = PBXGroup;
			children = (
				4744727B1B7A706D003231A0 /* Project19Tests.swift */,
				474472791B7A706D003231A0 /* Supporting Files */,
			);
			path = Project19Tests;
			sourceTree = "<group>";
		};
		474472791B7A706D003231A0 /* Supporting Files */ = {
			isa = PBXGroup;
			children = (
				4744727A1B7A706D003231A0 /* Info.plist */,
			);
			name = "Supporting Files";
			sourceTree = "<group>";
		};
/* End PBXGroup section */

/* Begin PBXNativeTarget section */
		4744725F1B7A706D003231A0 /* Project19 */ = {
			isa = PBXNativeTarget;
			buildConfigurationList = 4744727F1B7A706D003231A0 /* Build configuration list for PBXNativeTarget "Project19" */;
			buildPhases = (
				4744725C1B7A706D003231A0 /* Sources */,
				4744725D1B7A706D003231A0 /* Frameworks */,
				4744725E1B7A706D003231A0 /* Resources */,
			);
			buildRules = (
			);
			dependencies = (
			);
			name = Project19;
			productName = Project19;
			productReference = 474472601B7A706D003231A0 /* Project19.app */;
			productType = "com.apple.product-type.application";
		};
		474472741B7A706D003231A0 /* Project19Tests */ = {
			isa = PBXNativeTarget;
			buildConfigurationList = 474472821B7A706D003231A0 /* Build configuration list for PBXNativeTarget "Project19Tests" */;
			buildPhases = (
				474472711B7A706D003231A0 /* Sources */,
				474472721B7A706D003231A0 /* Frameworks */,
				474472731B7A706D003231A0 /* Resources */,
			);
			buildRules = (
			);
			dependencies = (
				474472771B7A706D003231A0 /* PBXTargetDependency */,
			);
			name = Project19Tests;
			productName = Project19Tests;
			productReference = 474472751B7A706D003231A0 /* Project19Tests.xctest */;
			productType = "com.apple.product-type.bundle.unit-test";
		};
/* End PBXNativeTarget section */

/* Begin PBXProject section */
		474472581B7A706D003231A0 /* Project object */ = {
			isa = PBXProject;
			attributes = {
				LastUpgradeCheck = 0640;
				ORGANIZATIONNAME = "Xavi Moll";
				TargetAttributes = {
					4744725F1B7A706D003231A0 = {
						CreatedOnToolsVersion = 6.4;
						SystemCapabilities = {
							com.apple.Maps.iOS = {
								enabled = 1;
							};
						};
					};
					474472741B7A706D003231A0 = {
						CreatedOnToolsVersion = 6.4;
						TestTargetID = 4744725F1B7A706D003231A0;
					};
				};
			};
			buildConfigurationList = 4744725B1B7A706D003231A0 /* Build configuration list for PBXProject "Project19" */;
			compatibilityVersion = "Xcode 3.2";
			developmentRegion = English;
			hasScannedForEncodings = 0;
			knownRegions = (
				en,
				Base,
			);
			mainGroup = 474472571B7A706D003231A0;
			productRefGroup = 474472611B7A706D003231A0 /* Products */;
			projectDirPath = "";
			projectRoot = "";
			targets = (
				4744725F1B7A706D003231A0 /* Project19 */,
				474472741B7A706D003231A0 /* Project19Tests */,
			);
		};
/* End PBXProject section */

/* Begin PBXResourcesBuildPhase section */
		4744725E1B7A706D003231A0 /* Resources */ = {
			isa = PBXResourcesBuildPhase;
			buildActionMask = 2147483647;
			files = (
				4744726B1B7A706D003231A0 /* Main.storyboard in Resources */,
				474472701B7A706D003231A0 /* LaunchScreen.xib in Resources */,
				4744726D1B7A706D003231A0 /* Images.xcassets in Resources */,
			);
			runOnlyForDeploymentPostprocessing = 0;
		};
		474472731B7A706D003231A0 /* Resources */ = {
			isa = PBXResourcesBuildPhase;
			buildActionMask = 2147483647;
			files = (
			);
			runOnlyForDeploymentPostprocessing = 0;
		};
/* End PBXResourcesBuildPhase section */

/* Begin PBXSourcesBuildPhase section */
		4744725C1B7A706D003231A0 /* Sources */ = {
			isa = PBXSourcesBuildPhase;
			buildActionMask = 2147483647;
			files = (
				474472681B7A706D003231A0 /* ViewController.swift in Sources */,
				474472661B7A706D003231A0 /* AppDelegate.swift in Sources */,
				474472881B7A7198003231A0 /* Capital.swift in Sources */,
			);
			runOnlyForDeploymentPostprocessing = 0;
		};
		474472711B7A706D003231A0 /* Sources */ = {
			isa = PBXSourcesBuildPhase;
			buildActionMask = 2147483647;
			files = (
				4744727C1B7A706D003231A0 /* Project19Tests.swift in Sources */,
			);
			runOnlyForDeploymentPostprocessing = 0;
		};
/* End PBXSourcesBuildPhase section */

/* Begin PBXTargetDependency section */
		474472771B7A706D003231A0 /* PBXTargetDependency */ = {
			isa = PBXTargetDependency;
			target = 4744725F1B7A706D003231A0 /* Project19 */;
			targetProxy = 474472761B7A706D003231A0 /* PBXContainerItemProxy */;
		};
/* End PBXTargetDependency section */

/* Begin PBXVariantGroup section */
		474472691B7A706D003231A0 /* Main.storyboard */ = {
			isa = PBXVariantGroup;
			children = (
				4744726A1B7A706D003231A0 /* Base */,
			);
			name = Main.storyboard;
			sourceTree = "<group>";
		};
		4744726E1B7A706D003231A0 /* LaunchScreen.xib */ = {
			isa = PBXVariantGroup;
			children = (
				4744726F1B7A706D003231A0 /* Base */,
			);
			name = LaunchScreen.xib;
			sourceTree = "<group>";
		};
/* End PBXVariantGroup section */

/* Begin XCBuildConfiguration section */
		4744727D1B7A706D003231A0 /* Debug */ = {
			isa = XCBuildConfiguration;
			buildSettings = {
				ALWAYS_SEARCH_USER_PATHS = NO;
				CLANG_CXX_LANGUAGE_STANDARD = "gnu++0x";
				CLANG_CXX_LIBRARY = "libc++";
				CLANG_ENABLE_MODULES = YES;
				CLANG_ENABLE_OBJC_ARC = YES;
				CLANG_WARN_BOOL_CONVERSION = YES;
				CLANG_WARN_CONSTANT_CONVERSION = YES;
				CLANG_WARN_DIRECT_OBJC_ISA_USAGE = YES_ERROR;
				CLANG_WARN_EMPTY_BODY = YES;
				CLANG_WARN_ENUM_CONVERSION = YES;
				CLANG_WARN_INT_CONVERSION = YES;
				CLANG_WARN_OBJC_ROOT_CLASS = YES_ERROR;
				CLANG_WARN_UNREACHABLE_CODE = YES;
				CLANG_WARN__DUPLICATE_METHOD_MATCH = YES;
				"CODE_SIGN_IDENTITY[sdk=iphoneos*]" = "iPhone Developer";
				COPY_PHASE_STRIP = NO;
				DEBUG_INFORMATION_FORMAT = "dwarf-with-dsym";
				ENABLE_STRICT_OBJC_MSGSEND = YES;
				GCC_C_LANGUAGE_STANDARD = gnu99;
				GCC_DYNAMIC_NO_PIC = NO;
				GCC_NO_COMMON_BLOCKS = YES;
				GCC_OPTIMIZATION_LEVEL = 0;
				GCC_PREPROCESSOR_DEFINITIONS = (
					"DEBUG=1",
					"$(inherited)",
				);
				GCC_SYMBOLS_PRIVATE_EXTERN = NO;
				GCC_WARN_64_TO_32_BIT_CONVERSION = YES;
				GCC_WARN_ABOUT_RETURN_TYPE = YES_ERROR;
				GCC_WARN_UNDECLARED_SELECTOR = YES;
				GCC_WARN_UNINITIALIZED_AUTOS = YES_AGGRESSIVE;
				GCC_WARN_UNUSED_FUNCTION = YES;
				GCC_WARN_UNUSED_VARIABLE = YES;
				IPHONEOS_DEPLOYMENT_TARGET = 8.4;
				MTL_ENABLE_DEBUG_INFO = YES;
				ONLY_ACTIVE_ARCH = YES;
				SDKROOT = iphoneos;
				SWIFT_OPTIMIZATION_LEVEL = "-Onone";
			};
			name = Debug;
		};
		4744727E1B7A706D003231A0 /* Release */ = {
			isa = XCBuildConfiguration;
			buildSettings = {
				ALWAYS_SEARCH_USER_PATHS = NO;
				CLANG_CXX_LANGUAGE_STANDARD = "gnu++0x";
				CLANG_CXX_LIBRARY = "libc++";
				CLANG_ENABLE_MODULES = YES;
				CLANG_ENABLE_OBJC_ARC = YES;
				CLANG_WARN_BOOL_CONVERSION = YES;
				CLANG_WARN_CONSTANT_CONVERSION = YES;
				CLANG_WARN_DIRECT_OBJC_ISA_USAGE = YES_ERROR;
				CLANG_WARN_EMPTY_BODY = YES;
				CLANG_WARN_ENUM_CONVERSION = YES;
				CLANG_WARN_INT_CONVERSION = YES;
				CLANG_WARN_OBJC_ROOT_CLASS = YES_ERROR;
				CLANG_WARN_UNREACHABLE_CODE = YES;
				CLANG_WARN__DUPLICATE_METHOD_MATCH = YES;
				"CODE_SIGN_IDENTITY[sdk=iphoneos*]" = "iPhone Developer";
				COPY_PHASE_STRIP = NO;
				DEBUG_INFORMATION_FORMAT = "dwarf-with-dsym";
				ENABLE_NS_ASSERTIONS = NO;
				ENABLE_STRICT_OBJC_MSGSEND = YES;
				GCC_C_LANGUAGE_STANDARD = gnu99;
				GCC_NO_COMMON_BLOCKS = YES;
				GCC_WARN_64_TO_32_BIT_CONVERSION = YES;
				GCC_WARN_ABOUT_RETURN_TYPE = YES_ERROR;
				GCC_WARN_UNDECLARED_SELECTOR = YES;
				GCC_WARN_UNINITIALIZED_AUTOS = YES_AGGRESSIVE;
				GCC_WARN_UNUSED_FUNCTION = YES;
				GCC_WARN_UNUSED_VARIABLE = YES;
				IPHONEOS_DEPLOYMENT_TARGET = 8.4;
				MTL_ENABLE_DEBUG_INFO = NO;
				SDKROOT = iphoneos;
				VALIDATE_PRODUCT = YES;
			};
			name = Release;
		};
		474472801B7A706D003231A0 /* Debug */ = {
			isa = XCBuildConfiguration;
			buildSettings = {
				ASSETCATALOG_COMPILER_APPICON_NAME = AppIcon;
				INFOPLIST_FILE = Project19/Info.plist;
				LD_RUNPATH_SEARCH_PATHS = "$(inherited) @executable_path/Frameworks";
				PRODUCT_NAME = "$(TARGET_NAME)";
			};
			name = Debug;
		};
		474472811B7A706D003231A0 /* Release */ = {
			isa = XCBuildConfiguration;
			buildSettings = {
				ASSETCATALOG_COMPILER_APPICON_NAME = AppIcon;
				INFOPLIST_FILE = Project19/Info.plist;
				LD_RUNPATH_SEARCH_PATHS = "$(inherited) @executable_path/Frameworks";
				PRODUCT_NAME = "$(TARGET_NAME)";
			};
			name = Release;
		};
		474472831B7A706D003231A0 /* Debug */ = {
			isa = XCBuildConfiguration;
			buildSettings = {
				BUNDLE_LOADER = "$(TEST_HOST)";
				FRAMEWORK_SEARCH_PATHS = (
					"$(SDKROOT)/Developer/Library/Frameworks",
					"$(inherited)",
				);
				GCC_PREPROCESSOR_DEFINITIONS = (
					"DEBUG=1",
					"$(inherited)",
				);
				INFOPLIST_FILE = Project19Tests/Info.plist;
				LD_RUNPATH_SEARCH_PATHS = "$(inherited) @executable_path/Frameworks @loader_path/Frameworks";
				PRODUCT_NAME = "$(TARGET_NAME)";
				TEST_HOST = "$(BUILT_PRODUCTS_DIR)/Project19.app/Project19";
			};
			name = Debug;
		};
		474472841B7A706D003231A0 /* Release */ = {
			isa = XCBuildConfiguration;
			buildSettings = {
				BUNDLE_LOADER = "$(TEST_HOST)";
				FRAMEWORK_SEARCH_PATHS = (
					"$(SDKROOT)/Developer/Library/Frameworks",
					"$(inherited)",
				);
				INFOPLIST_FILE = Project19Tests/Info.plist;
				LD_RUNPATH_SEARCH_PATHS = "$(inherited) @executable_path/Frameworks @loader_path/Frameworks";
				PRODUCT_NAME = "$(TARGET_NAME)";
				TEST_HOST = "$(BUILT_PRODUCTS_DIR)/Project19.app/Project19";
			};
			name = Release;
		};
/* End XCBuildConfiguration section */

/* Begin XCConfigurationList section */
		4744725B1B7A706D003231A0 /* Build configuration list for PBXProject "Project19" */ = {
			isa = XCConfigurationList;
			buildConfigurations = (
				4744727D1B7A706D003231A0 /* Debug */,
				4744727E1B7A706D003231A0 /* Release */,
			);
			defaultConfigurationIsVisible = 0;
			defaultConfigurationName = Release;
		};
		4744727F1B7A706D003231A0 /* Build configuration list for PBXNativeTarget "Project19" */ = {
			isa = XCConfigurationList;
			buildConfigurations = (
				474472801B7A706D003231A0 /* Debug */,
				474472811B7A706D003231A0 /* Release */,
			);
			defaultConfigurationIsVisible = 0;
		};
		474472821B7A706D003231A0 /* Build configuration list for PBXNativeTarget "Project19Tests" */ = {
			isa = XCConfigurationList;
			buildConfigurations = (
				474472831B7A706D003231A0 /* Debug */,
				474472841B7A706D003231A0 /* Release */,
			);
			defaultConfigurationIsVisible = 0;
		};
/* End XCConfigurationList section */
	};
	rootObject = 474472581B7A706D003231A0 /* Project object */;
}
